// !$*UTF8*$!
{
	archiveVersion = 1;
	classes = {
	};
	objectVersion = 46;
	objects = {

/* Begin PBXBuildFile section */
		842BD1381C9D6CC80012F130 /* HomeViewController.m in Sources */ = {isa = PBXBuildFile; fileRef = 842BD1371C9D6CC80012F130 /* HomeViewController.m */; };
		842BD13C1C9D6CFA0012F130 /* MessageViewController.m in Sources */ = {isa = PBXBuildFile; fileRef = 842BD13B1C9D6CFA0012F130 /* MessageViewController.m */; };
		842BD1401C9D6D2F0012F130 /* PersonalViewController.m in Sources */ = {isa = PBXBuildFile; fileRef = 842BD13F1C9D6D2F0012F130 /* PersonalViewController.m */; };
		842BD1441C9D6D520012F130 /* AlarmViewController.m in Sources */ = {isa = PBXBuildFile; fileRef = 842BD1431C9D6D520012F130 /* AlarmViewController.m */; };
		845019901CCDB4ED00207795 /* NSUserDefaultsUtil.m in Sources */ = {isa = PBXBuildFile; fileRef = 8450198F1CCDB4ED00207795 /* NSUserDefaultsUtil.m */; };
		845019931CCDE38800207795 /* LoginViewController.m in Sources */ = {isa = PBXBuildFile; fileRef = 845019921CCDE38800207795 /* LoginViewController.m */; };
		84562EB61CDED8CB0034DD61 /* NullSafe.m in Sources */ = {isa = PBXBuildFile; fileRef = 84562EB51CDED8CB0034DD61 /* NullSafe.m */; };
		845B00361C9E48FF00D72280 /* tabbar_alarm.png in Resources */ = {isa = PBXBuildFile; fileRef = 845B00321C9E48FF00D72280 /* tabbar_alarm.png */; };
		845B00371C9E48FF00D72280 /* tabbar_home.png in Resources */ = {isa = PBXBuildFile; fileRef = 845B00331C9E48FF00D72280 /* tabbar_home.png */; };
		845B00381C9E48FF00D72280 /* tabbar_message.png in Resources */ = {isa = PBXBuildFile; fileRef = 845B00341C9E48FF00D72280 /* tabbar_message.png */; };
		845B00391C9E48FF00D72280 /* tabbar_personal.png in Resources */ = {isa = PBXBuildFile; fileRef = 845B00351C9E48FF00D72280 /* tabbar_personal.png */; };
		845C3D681D093C3E00F5E183 /* message_n.png in Resources */ = {isa = PBXBuildFile; fileRef = 845C3D651D093C3E00F5E183 /* message_n.png */; };
		845C3D691D093C3E00F5E183 /* shoucang_n.png in Resources */ = {isa = PBXBuildFile; fileRef = 845C3D661D093C3E00F5E183 /* shoucang_n.png */; };
		845C3D6A1D093C3E00F5E183 /* shoucang_y.png in Resources */ = {isa = PBXBuildFile; fileRef = 845C3D671D093C3E00F5E183 /* shoucang_y.png */; };
		845C3D6D1D09673800F5E183 /* CommentViewController.m in Sources */ = {isa = PBXBuildFile; fileRef = 845C3D6C1D09673800F5E183 /* CommentViewController.m */; };
		845C3D701D09A3D400F5E183 /* SearchViewController.m in Sources */ = {isa = PBXBuildFile; fileRef = 845C3D6F1D09A3D400F5E183 /* SearchViewController.m */; };
		8468C0E91C98627B00E69648 /* main.m in Sources */ = {isa = PBXBuildFile; fileRef = 8468C0E81C98627B00E69648 /* main.m */; };
		8468C0EC1C98627B00E69648 /* AppDelegate.m in Sources */ = {isa = PBXBuildFile; fileRef = 8468C0EB1C98627B00E69648 /* AppDelegate.m */; };
		8468C0F41C98627B00E69648 /* Assets.xcassets in Resources */ = {isa = PBXBuildFile; fileRef = 8468C0F31C98627B00E69648 /* Assets.xcassets */; };
		8468C0F71C98627B00E69648 /* LaunchScreen.storyboard in Resources */ = {isa = PBXBuildFile; fileRef = 8468C0F51C98627B00E69648 /* LaunchScreen.storyboard */; };
		8468C1021C98627B00E69648 /* CookingDIY_IOSTests.m in Sources */ = {isa = PBXBuildFile; fileRef = 8468C1011C98627B00E69648 /* CookingDIY_IOSTests.m */; };
		8468C10D1C98627B00E69648 /* CookingDIY_IOSUITests.m in Sources */ = {isa = PBXBuildFile; fileRef = 8468C10C1C98627B00E69648 /* CookingDIY_IOSUITests.m */; };
		846B5C281D0A9905009A880F /* RegisterViewController.m in Sources */ = {isa = PBXBuildFile; fileRef = 846B5C271D0A9904009A880F /* RegisterViewController.m */; };
		846B5C2B1D0AF8A6009A880F /* FoodListViewController.m in Sources */ = {isa = PBXBuildFile; fileRef = 846B5C2A1D0AF8A6009A880F /* FoodListViewController.m */; };
		8471AE541D071C7A0060C923 /* MJRefreshAutoFooter.m in Sources */ = {isa = PBXBuildFile; fileRef = 8471AE2A1D071C7A0060C923 /* MJRefreshAutoFooter.m */; };
		8471AE551D071C7A0060C923 /* MJRefreshBackFooter.m in Sources */ = {isa = PBXBuildFile; fileRef = 8471AE2C1D071C7A0060C923 /* MJRefreshBackFooter.m */; };
		8471AE561D071C7A0060C923 /* MJRefreshComponent.m in Sources */ = {isa = PBXBuildFile; fileRef = 8471AE2E1D071C7A0060C923 /* MJRefreshComponent.m */; };
		8471AE571D071C7A0060C923 /* MJRefreshFooter.m in Sources */ = {isa = PBXBuildFile; fileRef = 8471AE301D071C7A0060C923 /* MJRefreshFooter.m */; };
		8471AE581D071C7A0060C923 /* MJRefreshHeader.m in Sources */ = {isa = PBXBuildFile; fileRef = 8471AE321D071C7A0060C923 /* MJRefreshHeader.m */; };
		8471AE591D071C7A0060C923 /* MJRefreshAutoGifFooter.m in Sources */ = {isa = PBXBuildFile; fileRef = 8471AE371D071C7A0060C923 /* MJRefreshAutoGifFooter.m */; };
		8471AE5A1D071C7A0060C923 /* MJRefreshAutoNormalFooter.m in Sources */ = {isa = PBXBuildFile; fileRef = 8471AE391D071C7A0060C923 /* MJRefreshAutoNormalFooter.m */; };
		8471AE5B1D071C7A0060C923 /* MJRefreshAutoStateFooter.m in Sources */ = {isa = PBXBuildFile; fileRef = 8471AE3B1D071C7A0060C923 /* MJRefreshAutoStateFooter.m */; };
		8471AE5C1D071C7A0060C923 /* MJRefreshBackGifFooter.m in Sources */ = {isa = PBXBuildFile; fileRef = 8471AE3E1D071C7A0060C923 /* MJRefreshBackGifFooter.m */; };
		8471AE5D1D071C7A0060C923 /* MJRefreshBackNormalFooter.m in Sources */ = {isa = PBXBuildFile; fileRef = 8471AE401D071C7A0060C923 /* MJRefreshBackNormalFooter.m */; };
		8471AE5E1D071C7A0060C923 /* MJRefreshBackStateFooter.m in Sources */ = {isa = PBXBuildFile; fileRef = 8471AE421D071C7A0060C923 /* MJRefreshBackStateFooter.m */; };
		8471AE5F1D071C7A0060C923 /* MJRefreshGifHeader.m in Sources */ = {isa = PBXBuildFile; fileRef = 8471AE451D071C7A0060C923 /* MJRefreshGifHeader.m */; };
		8471AE601D071C7A0060C923 /* MJRefreshNormalHeader.m in Sources */ = {isa = PBXBuildFile; fileRef = 8471AE471D071C7A0060C923 /* MJRefreshNormalHeader.m */; };
		8471AE611D071C7A0060C923 /* MJRefreshStateHeader.m in Sources */ = {isa = PBXBuildFile; fileRef = 8471AE491D071C7A0060C923 /* MJRefreshStateHeader.m */; };
		8471AE621D071C7A0060C923 /* MJRefresh.bundle in Resources */ = {isa = PBXBuildFile; fileRef = 8471AE4A1D071C7A0060C923 /* MJRefresh.bundle */; };
		8471AE631D071C7A0060C923 /* MJRefreshConst.m in Sources */ = {isa = PBXBuildFile; fileRef = 8471AE4D1D071C7A0060C923 /* MJRefreshConst.m */; };
		8471AE641D071C7A0060C923 /* UIScrollView+MJExtension.m in Sources */ = {isa = PBXBuildFile; fileRef = 8471AE4F1D071C7A0060C923 /* UIScrollView+MJExtension.m */; };
		8471AE651D071C7A0060C923 /* UIScrollView+MJRefresh.m in Sources */ = {isa = PBXBuildFile; fileRef = 8471AE511D071C7A0060C923 /* UIScrollView+MJRefresh.m */; };
		8471AE661D071C7A0060C923 /* UIView+MJExtension.m in Sources */ = {isa = PBXBuildFile; fileRef = 8471AE531D071C7A0060C923 /* UIView+MJExtension.m */; };
		848219081CCCDD4F00B14C2A /* carema.png in Resources */ = {isa = PBXBuildFile; fileRef = 848218FE1CCCDD4F00B14C2A /* carema.png */; };
		848219091CCCDD4F00B14C2A /* food.png in Resources */ = {isa = PBXBuildFile; fileRef = 848218FF1CCCDD4F00B14C2A /* food.png */; };
		8482190A1CCCDD4F00B14C2A /* nav_home.png in Resources */ = {isa = PBXBuildFile; fileRef = 848219001CCCDD4F00B14C2A /* nav_home.png */; };
		8482190B1CCCDD4F00B14C2A /* nav_message.png in Resources */ = {isa = PBXBuildFile; fileRef = 848219011CCCDD4F00B14C2A /* nav_message.png */; };
		8482190C1CCCDD4F00B14C2A /* nav_personal.png in Resources */ = {isa = PBXBuildFile; fileRef = 848219021CCCDD4F00B14C2A /* nav_personal.png */; };
		8482190D1CCCDD4F00B14C2A /* nav_time.png in Resources */ = {isa = PBXBuildFile; fileRef = 848219031CCCDD4F00B14C2A /* nav_time.png */; };
		8482190E1CCCDD4F00B14C2A /* right_jiantou.png in Resources */ = {isa = PBXBuildFile; fileRef = 848219041CCCDD4F00B14C2A /* right_jiantou.png */; };
		8482190F1CCCDD4F00B14C2A /* shoucang.png in Resources */ = {isa = PBXBuildFile; fileRef = 848219051CCCDD4F00B14C2A /* shoucang.png */; };
		848219101CCCDD4F00B14C2A /* userdefaultimg.png in Resources */ = {isa = PBXBuildFile; fileRef = 848219061CCCDD4F00B14C2A /* userdefaultimg.png */; };
		848219111CCCDD4F00B14C2A /* zuofan.png in Resources */ = {isa = PBXBuildFile; fileRef = 848219071CCCDD4F00B14C2A /* zuofan.png */; };
		8482F42D1CEB595700D5CC30 /* pause.png in Resources */ = {isa = PBXBuildFile; fileRef = 8482F42A1CEB595700D5CC30 /* pause.png */; };
		8482F42E1CEB595700D5CC30 /* start.png in Resources */ = {isa = PBXBuildFile; fileRef = 8482F42B1CEB595700D5CC30 /* start.png */; };
		8482F42F1CEB595700D5CC30 /* stop1.png in Resources */ = {isa = PBXBuildFile; fileRef = 8482F42C1CEB595700D5CC30 /* stop1.png */; };
		848C75DD1CED8EDE00294B46 /* AFHTTPSessionManager.m in Sources */ = {isa = PBXBuildFile; fileRef = 848C75D11CED8EDE00294B46 /* AFHTTPSessionManager.m */; };
		848C75DE1CED8EDE00294B46 /* AFNetworkReachabilityManager.m in Sources */ = {isa = PBXBuildFile; fileRef = 848C75D41CED8EDE00294B46 /* AFNetworkReachabilityManager.m */; };
		848C75DF1CED8EDE00294B46 /* AFSecurityPolicy.m in Sources */ = {isa = PBXBuildFile; fileRef = 848C75D61CED8EDE00294B46 /* AFSecurityPolicy.m */; };
		848C75E01CED8EDE00294B46 /* AFURLRequestSerialization.m in Sources */ = {isa = PBXBuildFile; fileRef = 848C75D81CED8EDE00294B46 /* AFURLRequestSerialization.m */; };
		848C75E11CED8EDE00294B46 /* AFURLResponseSerialization.m in Sources */ = {isa = PBXBuildFile; fileRef = 848C75DA1CED8EDE00294B46 /* AFURLResponseSerialization.m */; };
		848C75E21CED8EDE00294B46 /* AFURLSessionManager.m in Sources */ = {isa = PBXBuildFile; fileRef = 848C75DC1CED8EDE00294B46 /* AFURLSessionManager.m */; };
		849C394E1CEFF2B000EC8133 /* MKAnnotationView+WebCache.m in Sources */ = {isa = PBXBuildFile; fileRef = 849C392E1CEFF2B000EC8133 /* MKAnnotationView+WebCache.m */; };
		849C394F1CEFF2B000EC8133 /* NSData+ImageContentType.m in Sources */ = {isa = PBXBuildFile; fileRef = 849C39301CEFF2B000EC8133 /* NSData+ImageContentType.m */; };
		849C39501CEFF2B000EC8133 /* SDImageCache.m in Sources */ = {isa = PBXBuildFile; fileRef = 849C39321CEFF2B000EC8133 /* SDImageCache.m */; };
		849C39511CEFF2B000EC8133 /* SDWebImageCompat.m in Sources */ = {isa = PBXBuildFile; fileRef = 849C39341CEFF2B000EC8133 /* SDWebImageCompat.m */; };
		849C39521CEFF2B000EC8133 /* SDWebImageDecoder.m in Sources */ = {isa = PBXBuildFile; fileRef = 849C39361CEFF2B000EC8133 /* SDWebImageDecoder.m */; };
		849C39531CEFF2B000EC8133 /* SDWebImageDownloader.m in Sources */ = {isa = PBXBuildFile; fileRef = 849C39381CEFF2B000EC8133 /* SDWebImageDownloader.m */; };
		849C39541CEFF2B000EC8133 /* SDWebImageDownloaderOperation.m in Sources */ = {isa = PBXBuildFile; fileRef = 849C393A1CEFF2B000EC8133 /* SDWebImageDownloaderOperation.m */; };
		849C39551CEFF2B000EC8133 /* SDWebImageManager.m in Sources */ = {isa = PBXBuildFile; fileRef = 849C393C1CEFF2B000EC8133 /* SDWebImageManager.m */; };
		849C39561CEFF2B000EC8133 /* SDWebImagePrefetcher.m in Sources */ = {isa = PBXBuildFile; fileRef = 849C393F1CEFF2B000EC8133 /* SDWebImagePrefetcher.m */; };
		849C39571CEFF2B000EC8133 /* UIButton+WebCache.m in Sources */ = {isa = PBXBuildFile; fileRef = 849C39411CEFF2B000EC8133 /* UIButton+WebCache.m */; };
		849C39581CEFF2B000EC8133 /* UIImage+GIF.m in Sources */ = {isa = PBXBuildFile; fileRef = 849C39431CEFF2B000EC8133 /* UIImage+GIF.m */; };
		849C39591CEFF2B000EC8133 /* UIImage+MultiFormat.m in Sources */ = {isa = PBXBuildFile; fileRef = 849C39451CEFF2B000EC8133 /* UIImage+MultiFormat.m */; };
		849C395A1CEFF2B000EC8133 /* UIImage+WebP.m in Sources */ = {isa = PBXBuildFile; fileRef = 849C39471CEFF2B000EC8133 /* UIImage+WebP.m */; };
		849C395B1CEFF2B000EC8133 /* UIImageView+HighlightedWebCache.m in Sources */ = {isa = PBXBuildFile; fileRef = 849C39491CEFF2B000EC8133 /* UIImageView+HighlightedWebCache.m */; };
		849C395C1CEFF2B000EC8133 /* UIImageView+WebCache.m in Sources */ = {isa = PBXBuildFile; fileRef = 849C394B1CEFF2B000EC8133 /* UIImageView+WebCache.m */; };
		849C395D1CEFF2B000EC8133 /* UIView+WebCacheOperation.m in Sources */ = {isa = PBXBuildFile; fileRef = 849C394D1CEFF2B000EC8133 /* UIView+WebCacheOperation.m */; };
		849C39601CF001BF00EC8133 /* FoodDetailViewController.m in Sources */ = {isa = PBXBuildFile; fileRef = 849C395F1CF001BF00EC8133 /* FoodDetailViewController.m */; };
		849C39631CF06E9800EC8133 /* FoodListUITableViewCell.m in Sources */ = {isa = PBXBuildFile; fileRef = 849C39621CF06E9800EC8133 /* FoodListUITableViewCell.m */; };
		849C39661CF06F4900EC8133 /* FoodStepUITableViewCell.m in Sources */ = {isa = PBXBuildFile; fileRef = 849C39651CF06F4900EC8133 /* FoodStepUITableViewCell.m */; };
		84B4FEC91CDD7A32006D6A15 /* searchimg.png in Resources */ = {isa = PBXBuildFile; fileRef = 84B4FEC81CDD7A32006D6A15 /* searchimg.png */; };
		84B4FECD1CDDDFF4006D6A15 /* FoodUITableViewCell.m in Sources */ = {isa = PBXBuildFile; fileRef = 84B4FECC1CDDDFF4006D6A15 /* FoodUITableViewCell.m */; };
		84C69CDD1C9CE6EA0058EC1E /* zuofanme.png in Resources */ = {isa = PBXBuildFile; fileRef = 84C69CDC1C9CE6EA0058EC1E /* zuofanme.png */; };
		84CC69741CCEFDBE003AF95B /* MD5Util.m in Sources */ = {isa = PBXBuildFile; fileRef = 84CC69731CCEFDBE003AF95B /* MD5Util.m */; };
		84CC69771CCF06C6003AF95B /* Reachability.m in Sources */ = {isa = PBXBuildFile; fileRef = 84CC69761CCF06C6003AF95B /* Reachability.m */; };
		84CC697A1CCF0845003AF95B /* HttpUtil.m in Sources */ = {isa = PBXBuildFile; fileRef = 84CC69791CCF0845003AF95B /* HttpUtil.m */; };
		84CC697D1CCF1E36003AF95B /* ValueUtil.m in Sources */ = {isa = PBXBuildFile; fileRef = 84CC697C1CCF1E36003AF95B /* ValueUtil.m */; };
		84EA0BB41D13002D008704EB /* CommentUITableViewCell.m in Sources */ = {isa = PBXBuildFile; fileRef = 84EA0BB31D13002D008704EB /* CommentUITableViewCell.m */; };
		84EC4C321CCBA9E20079420A /* UIColor+ZXLazy.m in Sources */ = {isa = PBXBuildFile; fileRef = 84EC4C301CCBA9E20079420A /* UIColor+ZXLazy.m */; };
		84EFEE981C9BCD2700FF1E79 /* RootViewController.m in Sources */ = {isa = PBXBuildFile; fileRef = 84EFEE971C9BCD2700FF1E79 /* RootViewController.m */; };
/* End PBXBuildFile section */

/* Begin PBXContainerItemProxy section */
		8468C0FE1C98627B00E69648 /* PBXContainerItemProxy */ = {
			isa = PBXContainerItemProxy;
			containerPortal = 8468C0DC1C98627A00E69648 /* Project object */;
			proxyType = 1;
			remoteGlobalIDString = 8468C0E31C98627B00E69648;
			remoteInfo = CookingDIY_IOS;
		};
		8468C1091C98627B00E69648 /* PBXContainerItemProxy */ = {
			isa = PBXContainerItemProxy;
			containerPortal = 8468C0DC1C98627A00E69648 /* Project object */;
			proxyType = 1;
			remoteGlobalIDString = 8468C0E31C98627B00E69648;
			remoteInfo = CookingDIY_IOS;
		};
/* End PBXContainerItemProxy section */

/* Begin PBXFileReference section */
		842BD1361C9D6CC80012F130 /* HomeViewController.h */ = {isa = PBXFileReference; fileEncoding = 4; lastKnownFileType = sourcecode.c.h; path = HomeViewController.h; sourceTree = "<group>"; };
		842BD1371C9D6CC80012F130 /* HomeViewController.m */ = {isa = PBXFileReference; fileEncoding = 4; lastKnownFileType = sourcecode.c.objc; path = HomeViewController.m; sourceTree = "<group>"; };
		842BD13A1C9D6CFA0012F130 /* MessageViewController.h */ = {isa = PBXFileReference; fileEncoding = 4; lastKnownFileType = sourcecode.c.h; path = MessageViewController.h; sourceTree = "<group>"; };
		842BD13B1C9D6CFA0012F130 /* MessageViewController.m */ = {isa = PBXFileReference; fileEncoding = 4; lastKnownFileType = sourcecode.c.objc; path = MessageViewController.m; sourceTree = "<group>"; };
		842BD13E1C9D6D2F0012F130 /* PersonalViewController.h */ = {isa = PBXFileReference; fileEncoding = 4; lastKnownFileType = sourcecode.c.h; path = PersonalViewController.h; sourceTree = "<group>"; };
		842BD13F1C9D6D2F0012F130 /* PersonalViewController.m */ = {isa = PBXFileReference; fileEncoding = 4; lastKnownFileType = sourcecode.c.objc; path = PersonalViewController.m; sourceTree = "<group>"; };
		842BD1421C9D6D520012F130 /* AlarmViewController.h */ = {isa = PBXFileReference; fileEncoding = 4; lastKnownFileType = sourcecode.c.h; path = AlarmViewController.h; sourceTree = "<group>"; };
		842BD1431C9D6D520012F130 /* AlarmViewController.m */ = {isa = PBXFileReference; fileEncoding = 4; lastKnownFileType = sourcecode.c.objc; path = AlarmViewController.m; sourceTree = "<group>"; };
		8450198E1CCDB4ED00207795 /* NSUserDefaultsUtil.h */ = {isa = PBXFileReference; fileEncoding = 4; lastKnownFileType = sourcecode.c.h; path = NSUserDefaultsUtil.h; sourceTree = "<group>"; };
		8450198F1CCDB4ED00207795 /* NSUserDefaultsUtil.m */ = {isa = PBXFileReference; fileEncoding = 4; lastKnownFileType = sourcecode.c.objc; path = NSUserDefaultsUtil.m; sourceTree = "<group>"; };
		845019911CCDE38800207795 /* LoginViewController.h */ = {isa = PBXFileReference; fileEncoding = 4; lastKnownFileType = sourcecode.c.h; path = LoginViewController.h; sourceTree = "<group>"; };
		845019921CCDE38800207795 /* LoginViewController.m */ = {isa = PBXFileReference; fileEncoding = 4; lastKnownFileType = sourcecode.c.objc; path = LoginViewController.m; sourceTree = "<group>"; };
		84562EB51CDED8CB0034DD61 /* NullSafe.m */ = {isa = PBXFileReference; fileEncoding = 4; lastKnownFileType = sourcecode.c.objc; path = NullSafe.m; sourceTree = "<group>"; };
		845B00321C9E48FF00D72280 /* tabbar_alarm.png */ = {isa = PBXFileReference; lastKnownFileType = image.png; path = tabbar_alarm.png; sourceTree = "<group>"; };
		845B00331C9E48FF00D72280 /* tabbar_home.png */ = {isa = PBXFileReference; lastKnownFileType = image.png; path = tabbar_home.png; sourceTree = "<group>"; };
		845B00341C9E48FF00D72280 /* tabbar_message.png */ = {isa = PBXFileReference; lastKnownFileType = image.png; path = tabbar_message.png; sourceTree = "<group>"; };
		845B00351C9E48FF00D72280 /* tabbar_personal.png */ = {isa = PBXFileReference; lastKnownFileType = image.png; path = tabbar_personal.png; sourceTree = "<group>"; };
		845C3D651D093C3E00F5E183 /* message_n.png */ = {isa = PBXFileReference; lastKnownFileType = image.png; path = message_n.png; sourceTree = "<group>"; };
		845C3D661D093C3E00F5E183 /* shoucang_n.png */ = {isa = PBXFileReference; lastKnownFileType = image.png; path = shoucang_n.png; sourceTree = "<group>"; };
		845C3D671D093C3E00F5E183 /* shoucang_y.png */ = {isa = PBXFileReference; lastKnownFileType = image.png; path = shoucang_y.png; sourceTree = "<group>"; };
		845C3D6B1D09673800F5E183 /* CommentViewController.h */ = {isa = PBXFileReference; fileEncoding = 4; lastKnownFileType = sourcecode.c.h; path = CommentViewController.h; sourceTree = "<group>"; };
		845C3D6C1D09673800F5E183 /* CommentViewController.m */ = {isa = PBXFileReference; fileEncoding = 4; lastKnownFileType = sourcecode.c.objc; path = CommentViewController.m; sourceTree = "<group>"; };
		845C3D6E1D09A3D400F5E183 /* SearchViewController.h */ = {isa = PBXFileReference; fileEncoding = 4; lastKnownFileType = sourcecode.c.h; path = SearchViewController.h; sourceTree = "<group>"; };
		845C3D6F1D09A3D400F5E183 /* SearchViewController.m */ = {isa = PBXFileReference; fileEncoding = 4; lastKnownFileType = sourcecode.c.objc; path = SearchViewController.m; sourceTree = "<group>"; };
		8468C0E41C98627B00E69648 /* CookingDIY_IOS.app */ = {isa = PBXFileReference; explicitFileType = wrapper.application; includeInIndex = 0; path = CookingDIY_IOS.app; sourceTree = BUILT_PRODUCTS_DIR; };
		8468C0E81C98627B00E69648 /* main.m */ = {isa = PBXFileReference; lastKnownFileType = sourcecode.c.objc; path = main.m; sourceTree = "<group>"; };
		8468C0EA1C98627B00E69648 /* AppDelegate.h */ = {isa = PBXFileReference; lastKnownFileType = sourcecode.c.h; path = AppDelegate.h; sourceTree = "<group>"; };
		8468C0EB1C98627B00E69648 /* AppDelegate.m */ = {isa = PBXFileReference; lastKnownFileType = sourcecode.c.objc; path = AppDelegate.m; sourceTree = "<group>"; };
		8468C0F31C98627B00E69648 /* Assets.xcassets */ = {isa = PBXFileReference; lastKnownFileType = folder.assetcatalog; path = Assets.xcassets; sourceTree = "<group>"; };
		8468C0F61C98627B00E69648 /* Base */ = {isa = PBXFileReference; lastKnownFileType = file.storyboard; name = Base; path = Base.lproj/LaunchScreen.storyboard; sourceTree = "<group>"; };
		8468C0F81C98627B00E69648 /* Info.plist */ = {isa = PBXFileReference; lastKnownFileType = text.plist.xml; path = Info.plist; sourceTree = "<group>"; };
		8468C0FD1C98627B00E69648 /* CookingDIY_IOSTests.xctest */ = {isa = PBXFileReference; explicitFileType = wrapper.cfbundle; includeInIndex = 0; path = CookingDIY_IOSTests.xctest; sourceTree = BUILT_PRODUCTS_DIR; };
		8468C1011C98627B00E69648 /* CookingDIY_IOSTests.m */ = {isa = PBXFileReference; lastKnownFileType = sourcecode.c.objc; path = CookingDIY_IOSTests.m; sourceTree = "<group>"; };
		8468C1031C98627B00E69648 /* Info.plist */ = {isa = PBXFileReference; lastKnownFileType = text.plist.xml; path = Info.plist; sourceTree = "<group>"; };
		8468C1081C98627B00E69648 /* CookingDIY_IOSUITests.xctest */ = {isa = PBXFileReference; explicitFileType = wrapper.cfbundle; includeInIndex = 0; path = CookingDIY_IOSUITests.xctest; sourceTree = BUILT_PRODUCTS_DIR; };
		8468C10C1C98627B00E69648 /* CookingDIY_IOSUITests.m */ = {isa = PBXFileReference; lastKnownFileType = sourcecode.c.objc; path = CookingDIY_IOSUITests.m; sourceTree = "<group>"; };
		8468C10E1C98627B00E69648 /* Info.plist */ = {isa = PBXFileReference; lastKnownFileType = text.plist.xml; path = Info.plist; sourceTree = "<group>"; };
		846B5C261D0A9904009A880F /* RegisterViewController.h */ = {isa = PBXFileReference; fileEncoding = 4; lastKnownFileType = sourcecode.c.h; path = RegisterViewController.h; sourceTree = "<group>"; };
		846B5C271D0A9904009A880F /* RegisterViewController.m */ = {isa = PBXFileReference; fileEncoding = 4; lastKnownFileType = sourcecode.c.objc; path = RegisterViewController.m; sourceTree = "<group>"; };
		846B5C291D0AF8A6009A880F /* FoodListViewController.h */ = {isa = PBXFileReference; fileEncoding = 4; lastKnownFileType = sourcecode.c.h; path = FoodListViewController.h; sourceTree = "<group>"; };
		846B5C2A1D0AF8A6009A880F /* FoodListViewController.m */ = {isa = PBXFileReference; fileEncoding = 4; lastKnownFileType = sourcecode.c.objc; path = FoodListViewController.m; sourceTree = "<group>"; };
		8471AE291D071C7A0060C923 /* MJRefreshAutoFooter.h */ = {isa = PBXFileReference; fileEncoding = 4; lastKnownFileType = sourcecode.c.h; path = MJRefreshAutoFooter.h; sourceTree = "<group>"; };
		8471AE2A1D071C7A0060C923 /* MJRefreshAutoFooter.m */ = {isa = PBXFileReference; fileEncoding = 4; lastKnownFileType = sourcecode.c.objc; path = MJRefreshAutoFooter.m; sourceTree = "<group>"; };
		8471AE2B1D071C7A0060C923 /* MJRefreshBackFooter.h */ = {isa = PBXFileReference; fileEncoding = 4; lastKnownFileType = sourcecode.c.h; path = MJRefreshBackFooter.h; sourceTree = "<group>"; };
		8471AE2C1D071C7A0060C923 /* MJRefreshBackFooter.m */ = {isa = PBXFileReference; fileEncoding = 4; lastKnownFileType = sourcecode.c.objc; path = MJRefreshBackFooter.m; sourceTree = "<group>"; };
		8471AE2D1D071C7A0060C923 /* MJRefreshComponent.h */ = {isa = PBXFileReference; fileEncoding = 4; lastKnownFileType = sourcecode.c.h; path = MJRefreshComponent.h; sourceTree = "<group>"; };
		8471AE2E1D071C7A0060C923 /* MJRefreshComponent.m */ = {isa = PBXFileReference; fileEncoding = 4; lastKnownFileType = sourcecode.c.objc; path = MJRefreshComponent.m; sourceTree = "<group>"; };
		8471AE2F1D071C7A0060C923 /* MJRefreshFooter.h */ = {isa = PBXFileReference; fileEncoding = 4; lastKnownFileType = sourcecode.c.h; path = MJRefreshFooter.h; sourceTree = "<group>"; };
		8471AE301D071C7A0060C923 /* MJRefreshFooter.m */ = {isa = PBXFileReference; fileEncoding = 4; lastKnownFileType = sourcecode.c.objc; path = MJRefreshFooter.m; sourceTree = "<group>"; };
		8471AE311D071C7A0060C923 /* MJRefreshHeader.h */ = {isa = PBXFileReference; fileEncoding = 4; lastKnownFileType = sourcecode.c.h; path = MJRefreshHeader.h; sourceTree = "<group>"; };
		8471AE321D071C7A0060C923 /* MJRefreshHeader.m */ = {isa = PBXFileReference; fileEncoding = 4; lastKnownFileType = sourcecode.c.objc; path = MJRefreshHeader.m; sourceTree = "<group>"; };
		8471AE361D071C7A0060C923 /* MJRefreshAutoGifFooter.h */ = {isa = PBXFileReference; fileEncoding = 4; lastKnownFileType = sourcecode.c.h; path = MJRefreshAutoGifFooter.h; sourceTree = "<group>"; };
		8471AE371D071C7A0060C923 /* MJRefreshAutoGifFooter.m */ = {isa = PBXFileReference; fileEncoding = 4; lastKnownFileType = sourcecode.c.objc; path = MJRefreshAutoGifFooter.m; sourceTree = "<group>"; };
		8471AE381D071C7A0060C923 /* MJRefreshAutoNormalFooter.h */ = {isa = PBXFileReference; fileEncoding = 4; lastKnownFileType = sourcecode.c.h; path = MJRefreshAutoNormalFooter.h; sourceTree = "<group>"; };
		8471AE391D071C7A0060C923 /* MJRefreshAutoNormalFooter.m */ = {isa = PBXFileReference; fileEncoding = 4; lastKnownFileType = sourcecode.c.objc; path = MJRefreshAutoNormalFooter.m; sourceTree = "<group>"; };
		8471AE3A1D071C7A0060C923 /* MJRefreshAutoStateFooter.h */ = {isa = PBXFileReference; fileEncoding = 4; lastKnownFileType = sourcecode.c.h; path = MJRefreshAutoStateFooter.h; sourceTree = "<group>"; };
		8471AE3B1D071C7A0060C923 /* MJRefreshAutoStateFooter.m */ = {isa = PBXFileReference; fileEncoding = 4; lastKnownFileType = sourcecode.c.objc; path = MJRefreshAutoStateFooter.m; sourceTree = "<group>"; };
		8471AE3D1D071C7A0060C923 /* MJRefreshBackGifFooter.h */ = {isa = PBXFileReference; fileEncoding = 4; lastKnownFileType = sourcecode.c.h; path = MJRefreshBackGifFooter.h; sourceTree = "<group>"; };
		8471AE3E1D071C7A0060C923 /* MJRefreshBackGifFooter.m */ = {isa = PBXFileReference; fileEncoding = 4; lastKnownFileType = sourcecode.c.objc; path = MJRefreshBackGifFooter.m; sourceTree = "<group>"; };
		8471AE3F1D071C7A0060C923 /* MJRefreshBackNormalFooter.h */ = {isa = PBXFileReference; fileEncoding = 4; lastKnownFileType = sourcecode.c.h; path = MJRefreshBackNormalFooter.h; sourceTree = "<group>"; };
		8471AE401D071C7A0060C923 /* MJRefreshBackNormalFooter.m */ = {isa = PBXFileReference; fileEncoding = 4; lastKnownFileType = sourcecode.c.objc; path = MJRefreshBackNormalFooter.m; sourceTree = "<group>"; };
		8471AE411D071C7A0060C923 /* MJRefreshBackStateFooter.h */ = {isa = PBXFileReference; fileEncoding = 4; lastKnownFileType = sourcecode.c.h; path = MJRefreshBackStateFooter.h; sourceTree = "<group>"; };
		8471AE421D071C7A0060C923 /* MJRefreshBackStateFooter.m */ = {isa = PBXFileReference; fileEncoding = 4; lastKnownFileType = sourcecode.c.objc; path = MJRefreshBackStateFooter.m; sourceTree = "<group>"; };
		8471AE441D071C7A0060C923 /* MJRefreshGifHeader.h */ = {isa = PBXFileReference; fileEncoding = 4; lastKnownFileType = sourcecode.c.h; path = MJRefreshGifHeader.h; sourceTree = "<group>"; };
		8471AE451D071C7A0060C923 /* MJRefreshGifHeader.m */ = {isa = PBXFileReference; fileEncoding = 4; lastKnownFileType = sourcecode.c.objc; path = MJRefreshGifHeader.m; sourceTree = "<group>"; };
		8471AE461D071C7A0060C923 /* MJRefreshNormalHeader.h */ = {isa = PBXFileReference; fileEncoding = 4; lastKnownFileType = sourcecode.c.h; path = MJRefreshNormalHeader.h; sourceTree = "<group>"; };
		8471AE471D071C7A0060C923 /* MJRefreshNormalHeader.m */ = {isa = PBXFileReference; fileEncoding = 4; lastKnownFileType = sourcecode.c.objc; path = MJRefreshNormalHeader.m; sourceTree = "<group>"; };
		8471AE481D071C7A0060C923 /* MJRefreshStateHeader.h */ = {isa = PBXFileReference; fileEncoding = 4; lastKnownFileType = sourcecode.c.h; path = MJRefreshStateHeader.h; sourceTree = "<group>"; };
		8471AE491D071C7A0060C923 /* MJRefreshStateHeader.m */ = {isa = PBXFileReference; fileEncoding = 4; lastKnownFileType = sourcecode.c.objc; path = MJRefreshStateHeader.m; sourceTree = "<group>"; };
		8471AE4A1D071C7A0060C923 /* MJRefresh.bundle */ = {isa = PBXFileReference; lastKnownFileType = "wrapper.plug-in"; path = MJRefresh.bundle; sourceTree = "<group>"; };
		8471AE4B1D071C7A0060C923 /* MJRefresh.h */ = {isa = PBXFileReference; fileEncoding = 4; lastKnownFileType = sourcecode.c.h; path = MJRefresh.h; sourceTree = "<group>"; };
		8471AE4C1D071C7A0060C923 /* MJRefreshConst.h */ = {isa = PBXFileReference; fileEncoding = 4; lastKnownFileType = sourcecode.c.h; path = MJRefreshConst.h; sourceTree = "<group>"; };
		8471AE4D1D071C7A0060C923 /* MJRefreshConst.m */ = {isa = PBXFileReference; fileEncoding = 4; lastKnownFileType = sourcecode.c.objc; path = MJRefreshConst.m; sourceTree = "<group>"; };
		8471AE4E1D071C7A0060C923 /* UIScrollView+MJExtension.h */ = {isa = PBXFileReference; fileEncoding = 4; lastKnownFileType = sourcecode.c.h; path = "UIScrollView+MJExtension.h"; sourceTree = "<group>"; };
		8471AE4F1D071C7A0060C923 /* UIScrollView+MJExtension.m */ = {isa = PBXFileReference; fileEncoding = 4; lastKnownFileType = sourcecode.c.objc; path = "UIScrollView+MJExtension.m"; sourceTree = "<group>"; };
		8471AE501D071C7A0060C923 /* UIScrollView+MJRefresh.h */ = {isa = PBXFileReference; fileEncoding = 4; lastKnownFileType = sourcecode.c.h; path = "UIScrollView+MJRefresh.h"; sourceTree = "<group>"; };
		8471AE511D071C7A0060C923 /* UIScrollView+MJRefresh.m */ = {isa = PBXFileReference; fileEncoding = 4; lastKnownFileType = sourcecode.c.objc; path = "UIScrollView+MJRefresh.m"; sourceTree = "<group>"; };
		8471AE521D071C7A0060C923 /* UIView+MJExtension.h */ = {isa = PBXFileReference; fileEncoding = 4; lastKnownFileType = sourcecode.c.h; path = "UIView+MJExtension.h"; sourceTree = "<group>"; };
		8471AE531D071C7A0060C923 /* UIView+MJExtension.m */ = {isa = PBXFileReference; fileEncoding = 4; lastKnownFileType = sourcecode.c.objc; path = "UIView+MJExtension.m"; sourceTree = "<group>"; };
		848218FE1CCCDD4F00B14C2A /* carema.png */ = {isa = PBXFileReference; lastKnownFileType = image.png; path = carema.png; sourceTree = "<group>"; };
		848218FF1CCCDD4F00B14C2A /* food.png */ = {isa = PBXFileReference; lastKnownFileType = image.png; path = food.png; sourceTree = "<group>"; };
		848219001CCCDD4F00B14C2A /* nav_home.png */ = {isa = PBXFileReference; lastKnownFileType = image.png; path = nav_home.png; sourceTree = "<group>"; };
		848219011CCCDD4F00B14C2A /* nav_message.png */ = {isa = PBXFileReference; lastKnownFileType = image.png; path = nav_message.png; sourceTree = "<group>"; };
		848219021CCCDD4F00B14C2A /* nav_personal.png */ = {isa = PBXFileReference; lastKnownFileType = image.png; path = nav_personal.png; sourceTree = "<group>"; };
		848219031CCCDD4F00B14C2A /* nav_time.png */ = {isa = PBXFileReference; lastKnownFileType = image.png; path = nav_time.png; sourceTree = "<group>"; };
		848219041CCCDD4F00B14C2A /* right_jiantou.png */ = {isa = PBXFileReference; lastKnownFileType = image.png; path = right_jiantou.png; sourceTree = "<group>"; };
		848219051CCCDD4F00B14C2A /* shoucang.png */ = {isa = PBXFileReference; lastKnownFileType = image.png; path = shoucang.png; sourceTree = "<group>"; };
		848219061CCCDD4F00B14C2A /* userdefaultimg.png */ = {isa = PBXFileReference; lastKnownFileType = image.png; path = userdefaultimg.png; sourceTree = "<group>"; };
		848219071CCCDD4F00B14C2A /* zuofan.png */ = {isa = PBXFileReference; lastKnownFileType = image.png; path = zuofan.png; sourceTree = "<group>"; };
		8482F42A1CEB595700D5CC30 /* pause.png */ = {isa = PBXFileReference; lastKnownFileType = image.png; path = pause.png; sourceTree = "<group>"; };
		8482F42B1CEB595700D5CC30 /* start.png */ = {isa = PBXFileReference; lastKnownFileType = image.png; path = start.png; sourceTree = "<group>"; };
		8482F42C1CEB595700D5CC30 /* stop1.png */ = {isa = PBXFileReference; lastKnownFileType = image.png; path = stop1.png; sourceTree = "<group>"; };
		848C75D01CED8EDE00294B46 /* AFHTTPSessionManager.h */ = {isa = PBXFileReference; fileEncoding = 4; lastKnownFileType = sourcecode.c.h; path = AFHTTPSessionManager.h; sourceTree = "<group>"; };
		848C75D11CED8EDE00294B46 /* AFHTTPSessionManager.m */ = {isa = PBXFileReference; fileEncoding = 4; lastKnownFileType = sourcecode.c.objc; path = AFHTTPSessionManager.m; sourceTree = "<group>"; };
		848C75D21CED8EDE00294B46 /* AFNetworking.h */ = {isa = PBXFileReference; fileEncoding = 4; lastKnownFileType = sourcecode.c.h; path = AFNetworking.h; sourceTree = "<group>"; };
		848C75D31CED8EDE00294B46 /* AFNetworkReachabilityManager.h */ = {isa = PBXFileReference; fileEncoding = 4; lastKnownFileType = sourcecode.c.h; path = AFNetworkReachabilityManager.h; sourceTree = "<group>"; };
		848C75D41CED8EDE00294B46 /* AFNetworkReachabilityManager.m */ = {isa = PBXFileReference; fileEncoding = 4; lastKnownFileType = sourcecode.c.objc; path = AFNetworkReachabilityManager.m; sourceTree = "<group>"; };
		848C75D51CED8EDE00294B46 /* AFSecurityPolicy.h */ = {isa = PBXFileReference; fileEncoding = 4; lastKnownFileType = sourcecode.c.h; path = AFSecurityPolicy.h; sourceTree = "<group>"; };
		848C75D61CED8EDE00294B46 /* AFSecurityPolicy.m */ = {isa = PBXFileReference; fileEncoding = 4; lastKnownFileType = sourcecode.c.objc; path = AFSecurityPolicy.m; sourceTree = "<group>"; };
		848C75D71CED8EDE00294B46 /* AFURLRequestSerialization.h */ = {isa = PBXFileReference; fileEncoding = 4; lastKnownFileType = sourcecode.c.h; path = AFURLRequestSerialization.h; sourceTree = "<group>"; };
		848C75D81CED8EDE00294B46 /* AFURLRequestSerialization.m */ = {isa = PBXFileReference; fileEncoding = 4; lastKnownFileType = sourcecode.c.objc; path = AFURLRequestSerialization.m; sourceTree = "<group>"; };
		848C75D91CED8EDE00294B46 /* AFURLResponseSerialization.h */ = {isa = PBXFileReference; fileEncoding = 4; lastKnownFileType = sourcecode.c.h; path = AFURLResponseSerialization.h; sourceTree = "<group>"; };
		848C75DA1CED8EDE00294B46 /* AFURLResponseSerialization.m */ = {isa = PBXFileReference; fileEncoding = 4; lastKnownFileType = sourcecode.c.objc; path = AFURLResponseSerialization.m; sourceTree = "<group>"; };
		848C75DB1CED8EDE00294B46 /* AFURLSessionManager.h */ = {isa = PBXFileReference; fileEncoding = 4; lastKnownFileType = sourcecode.c.h; path = AFURLSessionManager.h; sourceTree = "<group>"; };
		848C75DC1CED8EDE00294B46 /* AFURLSessionManager.m */ = {isa = PBXFileReference; fileEncoding = 4; lastKnownFileType = sourcecode.c.objc; path = AFURLSessionManager.m; sourceTree = "<group>"; };
		849C392D1CEFF2B000EC8133 /* MKAnnotationView+WebCache.h */ = {isa = PBXFileReference; fileEncoding = 4; lastKnownFileType = sourcecode.c.h; path = "MKAnnotationView+WebCache.h"; sourceTree = "<group>"; };
		849C392E1CEFF2B000EC8133 /* MKAnnotationView+WebCache.m */ = {isa = PBXFileReference; fileEncoding = 4; lastKnownFileType = sourcecode.c.objc; path = "MKAnnotationView+WebCache.m"; sourceTree = "<group>"; };
		849C392F1CEFF2B000EC8133 /* NSData+ImageContentType.h */ = {isa = PBXFileReference; fileEncoding = 4; lastKnownFileType = sourcecode.c.h; path = "NSData+ImageContentType.h"; sourceTree = "<group>"; };
		849C39301CEFF2B000EC8133 /* NSData+ImageContentType.m */ = {isa = PBXFileReference; fileEncoding = 4; lastKnownFileType = sourcecode.c.objc; path = "NSData+ImageContentType.m"; sourceTree = "<group>"; };
		849C39311CEFF2B000EC8133 /* SDImageCache.h */ = {isa = PBXFileReference; fileEncoding = 4; lastKnownFileType = sourcecode.c.h; path = SDImageCache.h; sourceTree = "<group>"; };
		849C39321CEFF2B000EC8133 /* SDImageCache.m */ = {isa = PBXFileReference; fileEncoding = 4; lastKnownFileType = sourcecode.c.objc; path = SDImageCache.m; sourceTree = "<group>"; };
		849C39331CEFF2B000EC8133 /* SDWebImageCompat.h */ = {isa = PBXFileReference; fileEncoding = 4; lastKnownFileType = sourcecode.c.h; path = SDWebImageCompat.h; sourceTree = "<group>"; };
		849C39341CEFF2B000EC8133 /* SDWebImageCompat.m */ = {isa = PBXFileReference; fileEncoding = 4; lastKnownFileType = sourcecode.c.objc; path = SDWebImageCompat.m; sourceTree = "<group>"; };
		849C39351CEFF2B000EC8133 /* SDWebImageDecoder.h */ = {isa = PBXFileReference; fileEncoding = 4; lastKnownFileType = sourcecode.c.h; path = SDWebImageDecoder.h; sourceTree = "<group>"; };
		849C39361CEFF2B000EC8133 /* SDWebImageDecoder.m */ = {isa = PBXFileReference; fileEncoding = 4; lastKnownFileType = sourcecode.c.objc; path = SDWebImageDecoder.m; sourceTree = "<group>"; };
		849C39371CEFF2B000EC8133 /* SDWebImageDownloader.h */ = {isa = PBXFileReference; fileEncoding = 4; lastKnownFileType = sourcecode.c.h; path = SDWebImageDownloader.h; sourceTree = "<group>"; };
		849C39381CEFF2B000EC8133 /* SDWebImageDownloader.m */ = {isa = PBXFileReference; fileEncoding = 4; lastKnownFileType = sourcecode.c.objc; path = SDWebImageDownloader.m; sourceTree = "<group>"; };
		849C39391CEFF2B000EC8133 /* SDWebImageDownloaderOperation.h */ = {isa = PBXFileReference; fileEncoding = 4; lastKnownFileType = sourcecode.c.h; path = SDWebImageDownloaderOperation.h; sourceTree = "<group>"; };
		849C393A1CEFF2B000EC8133 /* SDWebImageDownloaderOperation.m */ = {isa = PBXFileReference; fileEncoding = 4; lastKnownFileType = sourcecode.c.objc; path = SDWebImageDownloaderOperation.m; sourceTree = "<group>"; };
		849C393B1CEFF2B000EC8133 /* SDWebImageManager.h */ = {isa = PBXFileReference; fileEncoding = 4; lastKnownFileType = sourcecode.c.h; path = SDWebImageManager.h; sourceTree = "<group>"; };
		849C393C1CEFF2B000EC8133 /* SDWebImageManager.m */ = {isa = PBXFileReference; fileEncoding = 4; lastKnownFileType = sourcecode.c.objc; path = SDWebImageManager.m; sourceTree = "<group>"; };
		849C393D1CEFF2B000EC8133 /* SDWebImageOperation.h */ = {isa = PBXFileReference; fileEncoding = 4; lastKnownFileType = sourcecode.c.h; path = SDWebImageOperation.h; sourceTree = "<group>"; };
		849C393E1CEFF2B000EC8133 /* SDWebImagePrefetcher.h */ = {isa = PBXFileReference; fileEncoding = 4; lastKnownFileType = sourcecode.c.h; path = SDWebImagePrefetcher.h; sourceTree = "<group>"; };
		849C393F1CEFF2B000EC8133 /* SDWebImagePrefetcher.m */ = {isa = PBXFileReference; fileEncoding = 4; lastKnownFileType = sourcecode.c.objc; path = SDWebImagePrefetcher.m; sourceTree = "<group>"; };
		849C39401CEFF2B000EC8133 /* UIButton+WebCache.h */ = {isa = PBXFileReference; fileEncoding = 4; lastKnownFileType = sourcecode.c.h; path = "UIButton+WebCache.h"; sourceTree = "<group>"; };
		849C39411CEFF2B000EC8133 /* UIButton+WebCache.m */ = {isa = PBXFileReference; fileEncoding = 4; lastKnownFileType = sourcecode.c.objc; path = "UIButton+WebCache.m"; sourceTree = "<group>"; };
		849C39421CEFF2B000EC8133 /* UIImage+GIF.h */ = {isa = PBXFileReference; fileEncoding = 4; lastKnownFileType = sourcecode.c.h; path = "UIImage+GIF.h"; sourceTree = "<group>"; };
		849C39431CEFF2B000EC8133 /* UIImage+GIF.m */ = {isa = PBXFileReference; fileEncoding = 4; lastKnownFileType = sourcecode.c.objc; path = "UIImage+GIF.m"; sourceTree = "<group>"; };
		849C39441CEFF2B000EC8133 /* UIImage+MultiFormat.h */ = {isa = PBXFileReference; fileEncoding = 4; lastKnownFileType = sourcecode.c.h; path = "UIImage+MultiFormat.h"; sourceTree = "<group>"; };
		849C39451CEFF2B000EC8133 /* UIImage+MultiFormat.m */ = {isa = PBXFileReference; fileEncoding = 4; lastKnownFileType = sourcecode.c.objc; path = "UIImage+MultiFormat.m"; sourceTree = "<group>"; };
		849C39461CEFF2B000EC8133 /* UIImage+WebP.h */ = {isa = PBXFileReference; fileEncoding = 4; lastKnownFileType = sourcecode.c.h; path = "UIImage+WebP.h"; sourceTree = "<group>"; };
		849C39471CEFF2B000EC8133 /* UIImage+WebP.m */ = {isa = PBXFileReference; fileEncoding = 4; lastKnownFileType = sourcecode.c.objc; path = "UIImage+WebP.m"; sourceTree = "<group>"; };
		849C39481CEFF2B000EC8133 /* UIImageView+HighlightedWebCache.h */ = {isa = PBXFileReference; fileEncoding = 4; lastKnownFileType = sourcecode.c.h; path = "UIImageView+HighlightedWebCache.h"; sourceTree = "<group>"; };
		849C39491CEFF2B000EC8133 /* UIImageView+HighlightedWebCache.m */ = {isa = PBXFileReference; fileEncoding = 4; lastKnownFileType = sourcecode.c.objc; path = "UIImageView+HighlightedWebCache.m"; sourceTree = "<group>"; };
		849C394A1CEFF2B000EC8133 /* UIImageView+WebCache.h */ = {isa = PBXFileReference; fileEncoding = 4; lastKnownFileType = sourcecode.c.h; path = "UIImageView+WebCache.h"; sourceTree = "<group>"; };
		849C394B1CEFF2B000EC8133 /* UIImageView+WebCache.m */ = {isa = PBXFileReference; fileEncoding = 4; lastKnownFileType = sourcecode.c.objc; path = "UIImageView+WebCache.m"; sourceTree = "<group>"; };
		849C394C1CEFF2B000EC8133 /* UIView+WebCacheOperation.h */ = {isa = PBXFileReference; fileEncoding = 4; lastKnownFileType = sourcecode.c.h; path = "UIView+WebCacheOperation.h"; sourceTree = "<group>"; };
		849C394D1CEFF2B000EC8133 /* UIView+WebCacheOperation.m */ = {isa = PBXFileReference; fileEncoding = 4; lastKnownFileType = sourcecode.c.objc; path = "UIView+WebCacheOperation.m"; sourceTree = "<group>"; };
		849C395E1CF001BF00EC8133 /* FoodDetailViewController.h */ = {isa = PBXFileReference; fileEncoding = 4; lastKnownFileType = sourcecode.c.h; path = FoodDetailViewController.h; sourceTree = "<group>"; };
		849C395F1CF001BF00EC8133 /* FoodDetailViewController.m */ = {isa = PBXFileReference; fileEncoding = 4; lastKnownFileType = sourcecode.c.objc; path = FoodDetailViewController.m; sourceTree = "<group>"; };
		849C39611CF06E9800EC8133 /* FoodListUITableViewCell.h */ = {isa = PBXFileReference; fileEncoding = 4; lastKnownFileType = sourcecode.c.h; path = FoodListUITableViewCell.h; sourceTree = "<group>"; };
		849C39621CF06E9800EC8133 /* FoodListUITableViewCell.m */ = {isa = PBXFileReference; fileEncoding = 4; lastKnownFileType = sourcecode.c.objc; path = FoodListUITableViewCell.m; sourceTree = "<group>"; };
		849C39641CF06F4900EC8133 /* FoodStepUITableViewCell.h */ = {isa = PBXFileReference; fileEncoding = 4; lastKnownFileType = sourcecode.c.h; path = FoodStepUITableViewCell.h; sourceTree = "<group>"; };
		849C39651CF06F4900EC8133 /* FoodStepUITableViewCell.m */ = {isa = PBXFileReference; fileEncoding = 4; lastKnownFileType = sourcecode.c.objc; path = FoodStepUITableViewCell.m; sourceTree = "<group>"; };
		84B4FEC81CDD7A32006D6A15 /* searchimg.png */ = {isa = PBXFileReference; lastKnownFileType = image.png; path = searchimg.png; sourceTree = "<group>"; };
		84B4FECB1CDDDFF4006D6A15 /* FoodUITableViewCell.h */ = {isa = PBXFileReference; fileEncoding = 4; lastKnownFileType = sourcecode.c.h; path = FoodUITableViewCell.h; sourceTree = "<group>"; };
		84B4FECC1CDDDFF4006D6A15 /* FoodUITableViewCell.m */ = {isa = PBXFileReference; fileEncoding = 4; lastKnownFileType = sourcecode.c.objc; path = FoodUITableViewCell.m; sourceTree = "<group>"; };
		84C69CDC1C9CE6EA0058EC1E /* zuofanme.png */ = {isa = PBXFileReference; lastKnownFileType = image.png; path = zuofanme.png; sourceTree = "<group>"; };
		84CC69721CCEFDBE003AF95B /* MD5Util.h */ = {isa = PBXFileReference; fileEncoding = 4; lastKnownFileType = sourcecode.c.h; path = MD5Util.h; sourceTree = "<group>"; };
		84CC69731CCEFDBE003AF95B /* MD5Util.m */ = {isa = PBXFileReference; fileEncoding = 4; lastKnownFileType = sourcecode.c.objc; path = MD5Util.m; sourceTree = "<group>"; };
		84CC69751CCF06C6003AF95B /* Reachability.h */ = {isa = PBXFileReference; fileEncoding = 4; lastKnownFileType = sourcecode.c.h; path = Reachability.h; sourceTree = "<group>"; };
		84CC69761CCF06C6003AF95B /* Reachability.m */ = {isa = PBXFileReference; fileEncoding = 4; lastKnownFileType = sourcecode.c.objc; path = Reachability.m; sourceTree = "<group>"; };
		84CC69781CCF0845003AF95B /* HttpUtil.h */ = {isa = PBXFileReference; fileEncoding = 4; lastKnownFileType = sourcecode.c.h; path = HttpUtil.h; sourceTree = "<group>"; };
		84CC69791CCF0845003AF95B /* HttpUtil.m */ = {isa = PBXFileReference; fileEncoding = 4; lastKnownFileType = sourcecode.c.objc; path = HttpUtil.m; sourceTree = "<group>"; };
		84CC697B1CCF1E36003AF95B /* ValueUtil.h */ = {isa = PBXFileReference; fileEncoding = 4; lastKnownFileType = sourcecode.c.h; path = ValueUtil.h; sourceTree = "<group>"; };
		84CC697C1CCF1E36003AF95B /* ValueUtil.m */ = {isa = PBXFileReference; fileEncoding = 4; lastKnownFileType = sourcecode.c.objc; path = ValueUtil.m; sourceTree = "<group>"; };
		84EA0BB21D13002D008704EB /* CommentUITableViewCell.h */ = {isa = PBXFileReference; fileEncoding = 4; lastKnownFileType = sourcecode.c.h; path = CommentUITableViewCell.h; sourceTree = "<group>"; };
		84EA0BB31D13002D008704EB /* CommentUITableViewCell.m */ = {isa = PBXFileReference; fileEncoding = 4; lastKnownFileType = sourcecode.c.objc; path = CommentUITableViewCell.m; sourceTree = "<group>"; };
		84EC4C301CCBA9E20079420A /* UIColor+ZXLazy.m */ = {isa = PBXFileReference; fileEncoding = 4; lastKnownFileType = sourcecode.c.objc; path = "UIColor+ZXLazy.m"; sourceTree = "<group>"; };
		84EC4C311CCBA9E20079420A /* UIColor+ZXLazy.h */ = {isa = PBXFileReference; fileEncoding = 4; lastKnownFileType = sourcecode.c.h; path = "UIColor+ZXLazy.h"; sourceTree = "<group>"; };
		84EFEE961C9BCD2700FF1E79 /* RootViewController.h */ = {isa = PBXFileReference; fileEncoding = 4; lastKnownFileType = sourcecode.c.h; path = RootViewController.h; sourceTree = "<group>"; };
		84EFEE971C9BCD2700FF1E79 /* RootViewController.m */ = {isa = PBXFileReference; fileEncoding = 4; lastKnownFileType = sourcecode.c.objc; path = RootViewController.m; sourceTree = "<group>"; };
/* End PBXFileReference section */

/* Begin PBXFrameworksBuildPhase section */
		8468C0E11C98627B00E69648 /* Frameworks */ = {
			isa = PBXFrameworksBuildPhase;
			buildActionMask = 2147483647;
			files = (
			);
			runOnlyForDeploymentPostprocessing = 0;
		};
		8468C0FA1C98627B00E69648 /* Frameworks */ = {
			isa = PBXFrameworksBuildPhase;
			buildActionMask = 2147483647;
			files = (
			);
			runOnlyForDeploymentPostprocessing = 0;
		};
		8468C1051C98627B00E69648 /* Frameworks */ = {
			isa = PBXFrameworksBuildPhase;
			buildActionMask = 2147483647;
			files = (
			);
			runOnlyForDeploymentPostprocessing = 0;
		};
/* End PBXFrameworksBuildPhase section */

/* Begin PBXGroup section */
		842BD1351C9D6C8F0012F130 /* home */ = {
			isa = PBXGroup;
			children = (
				842BD1361C9D6CC80012F130 /* HomeViewController.h */,
				842BD1371C9D6CC80012F130 /* HomeViewController.m */,
				849C395E1CF001BF00EC8133 /* FoodDetailViewController.h */,
				849C395F1CF001BF00EC8133 /* FoodDetailViewController.m */,
				845C3D6E1D09A3D400F5E183 /* SearchViewController.h */,
				845C3D6F1D09A3D400F5E183 /* SearchViewController.m */,
			);
			name = home;
			sourceTree = "<group>";
		};
		842BD1391C9D6CD60012F130 /* message */ = {
			isa = PBXGroup;
			children = (
				842BD13A1C9D6CFA0012F130 /* MessageViewController.h */,
				842BD13B1C9D6CFA0012F130 /* MessageViewController.m */,
				845C3D6B1D09673800F5E183 /* CommentViewController.h */,
				845C3D6C1D09673800F5E183 /* CommentViewController.m */,
			);
			name = message;
			sourceTree = "<group>";
		};
		842BD13D1C9D6D100012F130 /* personal */ = {
			isa = PBXGroup;
			children = (
				842BD13E1C9D6D2F0012F130 /* PersonalViewController.h */,
				842BD13F1C9D6D2F0012F130 /* PersonalViewController.m */,
				845019911CCDE38800207795 /* LoginViewController.h */,
				845019921CCDE38800207795 /* LoginViewController.m */,
				846B5C261D0A9904009A880F /* RegisterViewController.h */,
				846B5C271D0A9904009A880F /* RegisterViewController.m */,
				846B5C291D0AF8A6009A880F /* FoodListViewController.h */,
				846B5C2A1D0AF8A6009A880F /* FoodListViewController.m */,
			);
			name = personal;
			sourceTree = "<group>";
		};
		842BD1411C9D6D3A0012F130 /* alarm */ = {
			isa = PBXGroup;
			children = (
				842BD1421C9D6D520012F130 /* AlarmViewController.h */,
				842BD1431C9D6D520012F130 /* AlarmViewController.m */,
			);
			name = alarm;
			sourceTree = "<group>";
		};
		8450198B1CCDB3B400207795 /* Utils */ = {
			isa = PBXGroup;
			children = (
				8450198E1CCDB4ED00207795 /* NSUserDefaultsUtil.h */,
				8450198F1CCDB4ED00207795 /* NSUserDefaultsUtil.m */,
				84CC69721CCEFDBE003AF95B /* MD5Util.h */,
				84CC69731CCEFDBE003AF95B /* MD5Util.m */,
				84CC69781CCF0845003AF95B /* HttpUtil.h */,
				84CC69791CCF0845003AF95B /* HttpUtil.m */,
				84CC697B1CCF1E36003AF95B /* ValueUtil.h */,
				84CC697C1CCF1E36003AF95B /* ValueUtil.m */,
			);
			name = Utils;
			sourceTree = "<group>";
		};
		8468C0DB1C98627A00E69648 = {
			isa = PBXGroup;
			children = (
				8468C0E61C98627B00E69648 /* CookingDIY_IOS */,
				8468C1001C98627B00E69648 /* CookingDIY_IOSTests */,
				8468C10B1C98627B00E69648 /* CookingDIY_IOSUITests */,
				8468C0E51C98627B00E69648 /* Products */,
			);
			sourceTree = "<group>";
		};
		8468C0E51C98627B00E69648 /* Products */ = {
			isa = PBXGroup;
			children = (
				8468C0E41C98627B00E69648 /* CookingDIY_IOS.app */,
				8468C0FD1C98627B00E69648 /* CookingDIY_IOSTests.xctest */,
				8468C1081C98627B00E69648 /* CookingDIY_IOSUITests.xctest */,
			);
			name = Products;
			sourceTree = "<group>";
		};
		8468C0E61C98627B00E69648 /* CookingDIY_IOS */ = {
			isa = PBXGroup;
			children = (
				84B4FECA1CDDDFAB006D6A15 /* UI */,
				8450198B1CCDB3B400207795 /* Utils */,
				84EC4C2F1CCBA95B0079420A /* Category */,
				842BD1411C9D6D3A0012F130 /* alarm */,
				842BD13D1C9D6D100012F130 /* personal */,
				842BD1391C9D6CD60012F130 /* message */,
				842BD1351C9D6C8F0012F130 /* home */,
				84C69CDC1C9CE6EA0058EC1E /* zuofanme.png */,
				8468C0EA1C98627B00E69648 /* AppDelegate.h */,
				8468C0EB1C98627B00E69648 /* AppDelegate.m */,
				8468C0F31C98627B00E69648 /* Assets.xcassets */,
				8468C0F51C98627B00E69648 /* LaunchScreen.storyboard */,
				8468C0F81C98627B00E69648 /* Info.plist */,
				8468C0E71C98627B00E69648 /* Supporting Files */,
				84EFEE961C9BCD2700FF1E79 /* RootViewController.h */,
				84EFEE971C9BCD2700FF1E79 /* RootViewController.m */,
			);
			path = CookingDIY_IOS;
			sourceTree = "<group>";
		};
		8468C0E71C98627B00E69648 /* Supporting Files */ = {
			isa = PBXGroup;
			children = (
				84C69CDE1C9D05D00058EC1E /* images */,
				8468C0E81C98627B00E69648 /* main.m */,
			);
			name = "Supporting Files";
			sourceTree = "<group>";
		};
		8468C1001C98627B00E69648 /* CookingDIY_IOSTests */ = {
			isa = PBXGroup;
			children = (
				8468C1011C98627B00E69648 /* CookingDIY_IOSTests.m */,
				8468C1031C98627B00E69648 /* Info.plist */,
			);
			path = CookingDIY_IOSTests;
			sourceTree = "<group>";
		};
		8468C10B1C98627B00E69648 /* CookingDIY_IOSUITests */ = {
			isa = PBXGroup;
			children = (
				8468C10C1C98627B00E69648 /* CookingDIY_IOSUITests.m */,
				8468C10E1C98627B00E69648 /* Info.plist */,
			);
			path = CookingDIY_IOSUITests;
			sourceTree = "<group>";
		};
		8471AE271D071C7A0060C923 /* MJRefresh */ = {
			isa = PBXGroup;
			children = (
				8471AE281D071C7A0060C923 /* Base */,
				8471AE331D071C7A0060C923 /* Custom */,
				8471AE4A1D071C7A0060C923 /* MJRefresh.bundle */,
				8471AE4B1D071C7A0060C923 /* MJRefresh.h */,
				8471AE4C1D071C7A0060C923 /* MJRefreshConst.h */,
				8471AE4D1D071C7A0060C923 /* MJRefreshConst.m */,
				8471AE4E1D071C7A0060C923 /* UIScrollView+MJExtension.h */,
				8471AE4F1D071C7A0060C923 /* UIScrollView+MJExtension.m */,
				8471AE501D071C7A0060C923 /* UIScrollView+MJRefresh.h */,
				8471AE511D071C7A0060C923 /* UIScrollView+MJRefresh.m */,
				8471AE521D071C7A0060C923 /* UIView+MJExtension.h */,
				8471AE531D071C7A0060C923 /* UIView+MJExtension.m */,
			);
			path = MJRefresh;
			sourceTree = "<group>";
		};
		8471AE281D071C7A0060C923 /* Base */ = {
			isa = PBXGroup;
			children = (
				8471AE291D071C7A0060C923 /* MJRefreshAutoFooter.h */,
				8471AE2A1D071C7A0060C923 /* MJRefreshAutoFooter.m */,
				8471AE2B1D071C7A0060C923 /* MJRefreshBackFooter.h */,
				8471AE2C1D071C7A0060C923 /* MJRefreshBackFooter.m */,
				8471AE2D1D071C7A0060C923 /* MJRefreshComponent.h */,
				8471AE2E1D071C7A0060C923 /* MJRefreshComponent.m */,
				8471AE2F1D071C7A0060C923 /* MJRefreshFooter.h */,
				8471AE301D071C7A0060C923 /* MJRefreshFooter.m */,
				8471AE311D071C7A0060C923 /* MJRefreshHeader.h */,
				8471AE321D071C7A0060C923 /* MJRefreshHeader.m */,
			);
			path = Base;
			sourceTree = "<group>";
		};
		8471AE331D071C7A0060C923 /* Custom */ = {
			isa = PBXGroup;
			children = (
				8471AE341D071C7A0060C923 /* Footer */,
				8471AE431D071C7A0060C923 /* Header */,
			);
			path = Custom;
			sourceTree = "<group>";
		};
		8471AE341D071C7A0060C923 /* Footer */ = {
			isa = PBXGroup;
			children = (
				8471AE351D071C7A0060C923 /* Auto */,
				8471AE3C1D071C7A0060C923 /* Back */,
			);
			path = Footer;
			sourceTree = "<group>";
		};
		8471AE351D071C7A0060C923 /* Auto */ = {
			isa = PBXGroup;
			children = (
				8471AE361D071C7A0060C923 /* MJRefreshAutoGifFooter.h */,
				8471AE371D071C7A0060C923 /* MJRefreshAutoGifFooter.m */,
				8471AE381D071C7A0060C923 /* MJRefreshAutoNormalFooter.h */,
				8471AE391D071C7A0060C923 /* MJRefreshAutoNormalFooter.m */,
				8471AE3A1D071C7A0060C923 /* MJRefreshAutoStateFooter.h */,
				8471AE3B1D071C7A0060C923 /* MJRefreshAutoStateFooter.m */,
			);
			path = Auto;
			sourceTree = "<group>";
		};
		8471AE3C1D071C7A0060C923 /* Back */ = {
			isa = PBXGroup;
			children = (
				8471AE3D1D071C7A0060C923 /* MJRefreshBackGifFooter.h */,
				8471AE3E1D071C7A0060C923 /* MJRefreshBackGifFooter.m */,
				8471AE3F1D071C7A0060C923 /* MJRefreshBackNormalFooter.h */,
				8471AE401D071C7A0060C923 /* MJRefreshBackNormalFooter.m */,
				8471AE411D071C7A0060C923 /* MJRefreshBackStateFooter.h */,
				8471AE421D071C7A0060C923 /* MJRefreshBackStateFooter.m */,
			);
			path = Back;
			sourceTree = "<group>";
		};
		8471AE431D071C7A0060C923 /* Header */ = {
			isa = PBXGroup;
			children = (
				8471AE441D071C7A0060C923 /* MJRefreshGifHeader.h */,
				8471AE451D071C7A0060C923 /* MJRefreshGifHeader.m */,
				8471AE461D071C7A0060C923 /* MJRefreshNormalHeader.h */,
				8471AE471D071C7A0060C923 /* MJRefreshNormalHeader.m */,
				8471AE481D071C7A0060C923 /* MJRefreshStateHeader.h */,
				8471AE491D071C7A0060C923 /* MJRefreshStateHeader.m */,
			);
			path = Header;
			sourceTree = "<group>";
		};
		848C75CF1CED8EDE00294B46 /* AFNetworking */ = {
			isa = PBXGroup;
			children = (
				848C75D01CED8EDE00294B46 /* AFHTTPSessionManager.h */,
				848C75D11CED8EDE00294B46 /* AFHTTPSessionManager.m */,
				848C75D21CED8EDE00294B46 /* AFNetworking.h */,
				848C75D31CED8EDE00294B46 /* AFNetworkReachabilityManager.h */,
				848C75D41CED8EDE00294B46 /* AFNetworkReachabilityManager.m */,
				848C75D51CED8EDE00294B46 /* AFSecurityPolicy.h */,
				848C75D61CED8EDE00294B46 /* AFSecurityPolicy.m */,
				848C75D71CED8EDE00294B46 /* AFURLRequestSerialization.h */,
				848C75D81CED8EDE00294B46 /* AFURLRequestSerialization.m */,
				848C75D91CED8EDE00294B46 /* AFURLResponseSerialization.h */,
				848C75DA1CED8EDE00294B46 /* AFURLResponseSerialization.m */,
				848C75DB1CED8EDE00294B46 /* AFURLSessionManager.h */,
				848C75DC1CED8EDE00294B46 /* AFURLSessionManager.m */,
			);
			path = AFNetworking;
			sourceTree = "<group>";
		};
		849C392C1CEFF2B000EC8133 /* SDWebImage */ = {
			isa = PBXGroup;
			children = (
				849C392D1CEFF2B000EC8133 /* MKAnnotationView+WebCache.h */,
				849C392E1CEFF2B000EC8133 /* MKAnnotationView+WebCache.m */,
				849C392F1CEFF2B000EC8133 /* NSData+ImageContentType.h */,
				849C39301CEFF2B000EC8133 /* NSData+ImageContentType.m */,
				849C39311CEFF2B000EC8133 /* SDImageCache.h */,
				849C39321CEFF2B000EC8133 /* SDImageCache.m */,
				849C39331CEFF2B000EC8133 /* SDWebImageCompat.h */,
				849C39341CEFF2B000EC8133 /* SDWebImageCompat.m */,
				849C39351CEFF2B000EC8133 /* SDWebImageDecoder.h */,
				849C39361CEFF2B000EC8133 /* SDWebImageDecoder.m */,
				849C39371CEFF2B000EC8133 /* SDWebImageDownloader.h */,
				849C39381CEFF2B000EC8133 /* SDWebImageDownloader.m */,
				849C39391CEFF2B000EC8133 /* SDWebImageDownloaderOperation.h */,
				849C393A1CEFF2B000EC8133 /* SDWebImageDownloaderOperation.m */,
				849C393B1CEFF2B000EC8133 /* SDWebImageManager.h */,
				849C393C1CEFF2B000EC8133 /* SDWebImageManager.m */,
				849C393D1CEFF2B000EC8133 /* SDWebImageOperation.h */,
				849C393E1CEFF2B000EC8133 /* SDWebImagePrefetcher.h */,
				849C393F1CEFF2B000EC8133 /* SDWebImagePrefetcher.m */,
				849C39401CEFF2B000EC8133 /* UIButton+WebCache.h */,
				849C39411CEFF2B000EC8133 /* UIButton+WebCache.m */,
				849C39421CEFF2B000EC8133 /* UIImage+GIF.h */,
				849C39431CEFF2B000EC8133 /* UIImage+GIF.m */,
				849C39441CEFF2B000EC8133 /* UIImage+MultiFormat.h */,
				849C39451CEFF2B000EC8133 /* UIImage+MultiFormat.m */,
				849C39461CEFF2B000EC8133 /* UIImage+WebP.h */,
				849C39471CEFF2B000EC8133 /* UIImage+WebP.m */,
				849C39481CEFF2B000EC8133 /* UIImageView+HighlightedWebCache.h */,
				849C39491CEFF2B000EC8133 /* UIImageView+HighlightedWebCache.m */,
				849C394A1CEFF2B000EC8133 /* UIImageView+WebCache.h */,
				849C394B1CEFF2B000EC8133 /* UIImageView+WebCache.m */,
				849C394C1CEFF2B000EC8133 /* UIView+WebCacheOperation.h */,
				849C394D1CEFF2B000EC8133 /* UIView+WebCacheOperation.m */,
			);
			path = SDWebImage;
			sourceTree = "<group>";
		};
		84B4FECA1CDDDFAB006D6A15 /* UI */ = {
			isa = PBXGroup;
			children = (
				84B4FECB1CDDDFF4006D6A15 /* FoodUITableViewCell.h */,
				84B4FECC1CDDDFF4006D6A15 /* FoodUITableViewCell.m */,
				849C39611CF06E9800EC8133 /* FoodListUITableViewCell.h */,
				849C39621CF06E9800EC8133 /* FoodListUITableViewCell.m */,
				849C39641CF06F4900EC8133 /* FoodStepUITableViewCell.h */,
				849C39651CF06F4900EC8133 /* FoodStepUITableViewCell.m */,
				84EA0BB21D13002D008704EB /* CommentUITableViewCell.h */,
				84EA0BB31D13002D008704EB /* CommentUITableViewCell.m */,
			);
			name = UI;
			sourceTree = "<group>";
		};
		84C69CDE1C9D05D00058EC1E /* images */ = {
			isa = PBXGroup;
			children = (
				845C3D651D093C3E00F5E183 /* message_n.png */,
				845C3D661D093C3E00F5E183 /* shoucang_n.png */,
				845C3D671D093C3E00F5E183 /* shoucang_y.png */,
				8482F42A1CEB595700D5CC30 /* pause.png */,
				8482F42B1CEB595700D5CC30 /* start.png */,
				8482F42C1CEB595700D5CC30 /* stop1.png */,
				84B4FEC81CDD7A32006D6A15 /* searchimg.png */,
				845B00321C9E48FF00D72280 /* tabbar_alarm.png */,
				848218FE1CCCDD4F00B14C2A /* carema.png */,
				848218FF1CCCDD4F00B14C2A /* food.png */,
				848219001CCCDD4F00B14C2A /* nav_home.png */,
				848219011CCCDD4F00B14C2A /* nav_message.png */,
				848219021CCCDD4F00B14C2A /* nav_personal.png */,
				848219031CCCDD4F00B14C2A /* nav_time.png */,
				848219041CCCDD4F00B14C2A /* right_jiantou.png */,
				848219051CCCDD4F00B14C2A /* shoucang.png */,
				848219061CCCDD4F00B14C2A /* userdefaultimg.png */,
				848219071CCCDD4F00B14C2A /* zuofan.png */,
				845B00331C9E48FF00D72280 /* tabbar_home.png */,
				845B00341C9E48FF00D72280 /* tabbar_message.png */,
				845B00351C9E48FF00D72280 /* tabbar_personal.png */,
			);
			name = images;
			sourceTree = "<group>";
		};
		84EC4C2F1CCBA95B0079420A /* Category */ = {
			isa = PBXGroup;
			children = (
				8471AE271D071C7A0060C923 /* MJRefresh */,
				849C392C1CEFF2B000EC8133 /* SDWebImage */,
				848C75CF1CED8EDE00294B46 /* AFNetworking */,
				84562EB51CDED8CB0034DD61 /* NullSafe.m */,
				84CC69751CCF06C6003AF95B /* Reachability.h */,
				84CC69761CCF06C6003AF95B /* Reachability.m */,
				84EC4C301CCBA9E20079420A /* UIColor+ZXLazy.m */,
				84EC4C311CCBA9E20079420A /* UIColor+ZXLazy.h */,
			);
			name = Category;
			sourceTree = "<group>";
		};
/* End PBXGroup section */

/* Begin PBXNativeTarget section */
		8468C0E31C98627B00E69648 /* CookingDIY_IOS */ = {
			isa = PBXNativeTarget;
			buildConfigurationList = 8468C1111C98627B00E69648 /* Build configuration list for PBXNativeTarget "CookingDIY_IOS" */;
			buildPhases = (
				8468C0E01C98627B00E69648 /* Sources */,
				8468C0E11C98627B00E69648 /* Frameworks */,
				8468C0E21C98627B00E69648 /* Resources */,
			);
			buildRules = (
			);
			dependencies = (
			);
			name = CookingDIY_IOS;
			productName = CookingDIY_IOS;
			productReference = 8468C0E41C98627B00E69648 /* CookingDIY_IOS.app */;
			productType = "com.apple.product-type.application";
		};
		8468C0FC1C98627B00E69648 /* CookingDIY_IOSTests */ = {
			isa = PBXNativeTarget;
			buildConfigurationList = 8468C1141C98627B00E69648 /* Build configuration list for PBXNativeTarget "CookingDIY_IOSTests" */;
			buildPhases = (
				8468C0F91C98627B00E69648 /* Sources */,
				8468C0FA1C98627B00E69648 /* Frameworks */,
				8468C0FB1C98627B00E69648 /* Resources */,
			);
			buildRules = (
			);
			dependencies = (
				8468C0FF1C98627B00E69648 /* PBXTargetDependency */,
			);
			name = CookingDIY_IOSTests;
			productName = CookingDIY_IOSTests;
			productReference = 8468C0FD1C98627B00E69648 /* CookingDIY_IOSTests.xctest */;
			productType = "com.apple.product-type.bundle.unit-test";
		};
		8468C1071C98627B00E69648 /* CookingDIY_IOSUITests */ = {
			isa = PBXNativeTarget;
			buildConfigurationList = 8468C1171C98627B00E69648 /* Build configuration list for PBXNativeTarget "CookingDIY_IOSUITests" */;
			buildPhases = (
				8468C1041C98627B00E69648 /* Sources */,
				8468C1051C98627B00E69648 /* Frameworks */,
				8468C1061C98627B00E69648 /* Resources */,
			);
			buildRules = (
			);
			dependencies = (
				8468C10A1C98627B00E69648 /* PBXTargetDependency */,
			);
			name = CookingDIY_IOSUITests;
			productName = CookingDIY_IOSUITests;
			productReference = 8468C1081C98627B00E69648 /* CookingDIY_IOSUITests.xctest */;
			productType = "com.apple.product-type.bundle.ui-testing";
		};
/* End PBXNativeTarget section */

/* Begin PBXProject section */
		8468C0DC1C98627A00E69648 /* Project object */ = {
			isa = PBXProject;
			attributes = {
				LastUpgradeCheck = 0720;
				ORGANIZATIONNAME = cxyliuyu;
				TargetAttributes = {
					8468C0E31C98627B00E69648 = {
						CreatedOnToolsVersion = 7.2;
						DevelopmentTeam = T2SYFM9REN;
					};
					8468C0FC1C98627B00E69648 = {
						CreatedOnToolsVersion = 7.2;
						DevelopmentTeam = T2SYFM9REN;
						TestTargetID = 8468C0E31C98627B00E69648;
					};
					8468C1071C98627B00E69648 = {
						CreatedOnToolsVersion = 7.2;
						DevelopmentTeam = T2SYFM9REN;
						TestTargetID = 8468C0E31C98627B00E69648;
					};
				};
			};
			buildConfigurationList = 8468C0DF1C98627A00E69648 /* Build configuration list for PBXProject "CookingDIY_IOS" */;
			compatibilityVersion = "Xcode 3.2";
			developmentRegion = English;
			hasScannedForEncodings = 0;
			knownRegions = (
				en,
				Base,
			);
			mainGroup = 8468C0DB1C98627A00E69648;
			productRefGroup = 8468C0E51C98627B00E69648 /* Products */;
			projectDirPath = "";
			projectRoot = "";
			targets = (
				8468C0E31C98627B00E69648 /* CookingDIY_IOS */,
				8468C0FC1C98627B00E69648 /* CookingDIY_IOSTests */,
				8468C1071C98627B00E69648 /* CookingDIY_IOSUITests */,
			);
		};
/* End PBXProject section */

/* Begin PBXResourcesBuildPhase section */
		8468C0E21C98627B00E69648 /* Resources */ = {
			isa = PBXResourcesBuildPhase;
			buildActionMask = 2147483647;
			files = (
				8468C0F71C98627B00E69648 /* LaunchScreen.storyboard in Resources */,
				845B00371C9E48FF00D72280 /* tabbar_home.png in Resources */,
				8482F42E1CEB595700D5CC30 /* start.png in Resources */,
				848219091CCCDD4F00B14C2A /* food.png in Resources */,
				84B4FEC91CDD7A32006D6A15 /* searchimg.png in Resources */,
				8482190E1CCCDD4F00B14C2A /* right_jiantou.png in Resources */,
				8482190C1CCCDD4F00B14C2A /* nav_personal.png in Resources */,
				8482190D1CCCDD4F00B14C2A /* nav_time.png in Resources */,
				848219101CCCDD4F00B14C2A /* userdefaultimg.png in Resources */,
				8482190F1CCCDD4F00B14C2A /* shoucang.png in Resources */,
				845B00391C9E48FF00D72280 /* tabbar_personal.png in Resources */,
				848219111CCCDD4F00B14C2A /* zuofan.png in Resources */,
				8482190A1CCCDD4F00B14C2A /* nav_home.png in Resources */,
				84C69CDD1C9CE6EA0058EC1E /* zuofanme.png in Resources */,
				845C3D6A1D093C3E00F5E183 /* shoucang_y.png in Resources */,
				845C3D691D093C3E00F5E183 /* shoucang_n.png in Resources */,
				845C3D681D093C3E00F5E183 /* message_n.png in Resources */,
				8482F42D1CEB595700D5CC30 /* pause.png in Resources */,
				845B00381C9E48FF00D72280 /* tabbar_message.png in Resources */,
				8482F42F1CEB595700D5CC30 /* stop1.png in Resources */,
				8468C0F41C98627B00E69648 /* Assets.xcassets in Resources */,
				8471AE621D071C7A0060C923 /* MJRefresh.bundle in Resources */,
				848219081CCCDD4F00B14C2A /* carema.png in Resources */,
				845B00361C9E48FF00D72280 /* tabbar_alarm.png in Resources */,
				8482190B1CCCDD4F00B14C2A /* nav_message.png in Resources */,
			);
			runOnlyForDeploymentPostprocessing = 0;
		};
		8468C0FB1C98627B00E69648 /* Resources */ = {
			isa = PBXResourcesBuildPhase;
			buildActionMask = 2147483647;
			files = (
			);
			runOnlyForDeploymentPostprocessing = 0;
		};
		8468C1061C98627B00E69648 /* Resources */ = {
			isa = PBXResourcesBuildPhase;
			buildActionMask = 2147483647;
			files = (
			);
			runOnlyForDeploymentPostprocessing = 0;
		};
/* End PBXResourcesBuildPhase section */

/* Begin PBXSourcesBuildPhase section */
		8468C0E01C98627B00E69648 /* Sources */ = {
			isa = PBXSourcesBuildPhase;
			buildActionMask = 2147483647;
			files = (
				8471AE611D071C7A0060C923 /* MJRefreshStateHeader.m in Sources */,
				8471AE601D071C7A0060C923 /* MJRefreshNormalHeader.m in Sources */,
				849C39581CEFF2B000EC8133 /* UIImage+GIF.m in Sources */,
				842BD1401C9D6D2F0012F130 /* PersonalViewController.m in Sources */,
				8468C0EC1C98627B00E69648 /* AppDelegate.m in Sources */,
				8471AE5C1D071C7A0060C923 /* MJRefreshBackGifFooter.m in Sources */,
				842BD13C1C9D6CFA0012F130 /* MessageViewController.m in Sources */,
				8468C0E91C98627B00E69648 /* main.m in Sources */,
				8471AE5D1D071C7A0060C923 /* MJRefreshBackNormalFooter.m in Sources */,
				845019931CCDE38800207795 /* LoginViewController.m in Sources */,
				845C3D701D09A3D400F5E183 /* SearchViewController.m in Sources */,
				849C39571CEFF2B000EC8133 /* UIButton+WebCache.m in Sources */,
				842BD1441C9D6D520012F130 /* AlarmViewController.m in Sources */,
				846B5C281D0A9905009A880F /* RegisterViewController.m in Sources */,
				849C39661CF06F4900EC8133 /* FoodStepUITableViewCell.m in Sources */,
				849C39591CEFF2B000EC8133 /* UIImage+MultiFormat.m in Sources */,
				84EC4C321CCBA9E20079420A /* UIColor+ZXLazy.m in Sources */,
				8471AE581D071C7A0060C923 /* MJRefreshHeader.m in Sources */,
				849C39521CEFF2B000EC8133 /* SDWebImageDecoder.m in Sources */,
				8471AE661D071C7A0060C923 /* UIView+MJExtension.m in Sources */,
				848C75E01CED8EDE00294B46 /* AFURLRequestSerialization.m in Sources */,
				849C395C1CEFF2B000EC8133 /* UIImageView+WebCache.m in Sources */,
				8471AE571D071C7A0060C923 /* MJRefreshFooter.m in Sources */,
				84CC697A1CCF0845003AF95B /* HttpUtil.m in Sources */,
				848C75DF1CED8EDE00294B46 /* AFSecurityPolicy.m in Sources */,
				849C394F1CEFF2B000EC8133 /* NSData+ImageContentType.m in Sources */,
				845C3D6D1D09673800F5E183 /* CommentViewController.m in Sources */,
				849C39601CF001BF00EC8133 /* FoodDetailViewController.m in Sources */,
				8471AE631D071C7A0060C923 /* MJRefreshConst.m in Sources */,
				849C39531CEFF2B000EC8133 /* SDWebImageDownloader.m in Sources */,
				846B5C2B1D0AF8A6009A880F /* FoodListViewController.m in Sources */,
				84B4FECD1CDDDFF4006D6A15 /* FoodUITableViewCell.m in Sources */,
				8471AE641D071C7A0060C923 /* UIScrollView+MJExtension.m in Sources */,
				84EFEE981C9BCD2700FF1E79 /* RootViewController.m in Sources */,
				8471AE551D071C7A0060C923 /* MJRefreshBackFooter.m in Sources */,
				849C395B1CEFF2B000EC8133 /* UIImageView+HighlightedWebCache.m in Sources */,
				8471AE541D071C7A0060C923 /* MJRefreshAutoFooter.m in Sources */,
				8471AE5E1D071C7A0060C923 /* MJRefreshBackStateFooter.m in Sources */,
				848C75DE1CED8EDE00294B46 /* AFNetworkReachabilityManager.m in Sources */,
				84EA0BB41D13002D008704EB /* CommentUITableViewCell.m in Sources */,
				842BD1381C9D6CC80012F130 /* HomeViewController.m in Sources */,
				845019901CCDB4ED00207795 /* NSUserDefaultsUtil.m in Sources */,
				8471AE5A1D071C7A0060C923 /* MJRefreshAutoNormalFooter.m in Sources */,
				848C75E21CED8EDE00294B46 /* AFURLSessionManager.m in Sources */,
				8471AE561D071C7A0060C923 /* MJRefreshComponent.m in Sources */,
				849C395D1CEFF2B000EC8133 /* UIView+WebCacheOperation.m in Sources */,
				849C39511CEFF2B000EC8133 /* SDWebImageCompat.m in Sources */,
				8471AE591D071C7A0060C923 /* MJRefreshAutoGifFooter.m in Sources */,
				84CC69771CCF06C6003AF95B /* Reachability.m in Sources */,
				849C394E1CEFF2B000EC8133 /* MKAnnotationView+WebCache.m in Sources */,
				84CC69741CCEFDBE003AF95B /* MD5Util.m in Sources */,
				8471AE5F1D071C7A0060C923 /* MJRefreshGifHeader.m in Sources */,
				84CC697D1CCF1E36003AF95B /* ValueUtil.m in Sources */,
				849C39561CEFF2B000EC8133 /* SDWebImagePrefetcher.m in Sources */,
				848C75DD1CED8EDE00294B46 /* AFHTTPSessionManager.m in Sources */,
				849C39631CF06E9800EC8133 /* FoodListUITableViewCell.m in Sources */,
				8471AE651D071C7A0060C923 /* UIScrollView+MJRefresh.m in Sources */,
				849C39541CEFF2B000EC8133 /* SDWebImageDownloaderOperation.m in Sources */,
				848C75E11CED8EDE00294B46 /* AFURLResponseSerialization.m in Sources */,
				8471AE5B1D071C7A0060C923 /* MJRefreshAutoStateFooter.m in Sources */,
				849C39551CEFF2B000EC8133 /* SDWebImageManager.m in Sources */,
				849C395A1CEFF2B000EC8133 /* UIImage+WebP.m in Sources */,
				84562EB61CDED8CB0034DD61 /* NullSafe.m in Sources */,
				849C39501CEFF2B000EC8133 /* SDImageCache.m in Sources */,
			);
			runOnlyForDeploymentPostprocessing = 0;
		};
		8468C0F91C98627B00E69648 /* Sources */ = {
			isa = PBXSourcesBuildPhase;
			buildActionMask = 2147483647;
			files = (
				8468C1021C98627B00E69648 /* CookingDIY_IOSTests.m in Sources */,
			);
			runOnlyForDeploymentPostprocessing = 0;
		};
		8468C1041C98627B00E69648 /* Sources */ = {
			isa = PBXSourcesBuildPhase;
			buildActionMask = 2147483647;
			files = (
				8468C10D1C98627B00E69648 /* CookingDIY_IOSUITests.m in Sources */,
			);
			runOnlyForDeploymentPostprocessing = 0;
		};
/* End PBXSourcesBuildPhase section */

/* Begin PBXTargetDependency section */
		8468C0FF1C98627B00E69648 /* PBXTargetDependency */ = {
			isa = PBXTargetDependency;
			target = 8468C0E31C98627B00E69648 /* CookingDIY_IOS */;
			targetProxy = 8468C0FE1C98627B00E69648 /* PBXContainerItemProxy */;
		};
		8468C10A1C98627B00E69648 /* PBXTargetDependency */ = {
			isa = PBXTargetDependency;
			target = 8468C0E31C98627B00E69648 /* CookingDIY_IOS */;
			targetProxy = 8468C1091C98627B00E69648 /* PBXContainerItemProxy */;
		};
/* End PBXTargetDependency section */

/* Begin PBXVariantGroup section */
		8468C0F51C98627B00E69648 /* LaunchScreen.storyboard */ = {
			isa = PBXVariantGroup;
			children = (
				8468C0F61C98627B00E69648 /* Base */,
			);
			name = LaunchScreen.storyboard;
			sourceTree = "<group>";
		};
/* End PBXVariantGroup section */

/* Begin XCBuildConfiguration section */
		8468C10F1C98627B00E69648 /* Debug */ = {
			isa = XCBuildConfiguration;
			buildSettings = {
				ALWAYS_SEARCH_USER_PATHS = NO;
				CLANG_CXX_LANGUAGE_STANDARD = "gnu++0x";
				CLANG_CXX_LIBRARY = "libc++";
				CLANG_ENABLE_MODULES = YES;
				CLANG_ENABLE_OBJC_ARC = YES;
				CLANG_WARN_BOOL_CONVERSION = YES;
				CLANG_WARN_CONSTANT_CONVERSION = YES;
				CLANG_WARN_DIRECT_OBJC_ISA_USAGE = YES_ERROR;
				CLANG_WARN_EMPTY_BODY = YES;
				CLANG_WARN_ENUM_CONVERSION = YES;
				CLANG_WARN_INT_CONVERSION = YES;
				CLANG_WARN_OBJC_ROOT_CLASS = YES_ERROR;
				CLANG_WARN_UNREACHABLE_CODE = YES;
				CLANG_WARN__DUPLICATE_METHOD_MATCH = YES;
				"CODE_SIGN_IDENTITY[sdk=iphoneos*]" = "iPhone Developer";
				COPY_PHASE_STRIP = NO;
				DEBUG_INFORMATION_FORMAT = dwarf;
				ENABLE_STRICT_OBJC_MSGSEND = YES;
				ENABLE_TESTABILITY = YES;
				GCC_C_LANGUAGE_STANDARD = gnu99;
				GCC_DYNAMIC_NO_PIC = NO;
				GCC_NO_COMMON_BLOCKS = YES;
				GCC_OPTIMIZATION_LEVEL = 0;
				GCC_PREPROCESSOR_DEFINITIONS = (
					"DEBUG=1",
					"$(inherited)",
				);
				GCC_WARN_64_TO_32_BIT_CONVERSION = YES;
				GCC_WARN_ABOUT_RETURN_TYPE = YES_ERROR;
				GCC_WARN_UNDECLARED_SELECTOR = YES;
				GCC_WARN_UNINITIALIZED_AUTOS = YES_AGGRESSIVE;
				GCC_WARN_UNUSED_FUNCTION = YES;
				GCC_WARN_UNUSED_VARIABLE = YES;
				IPHONEOS_DEPLOYMENT_TARGET = 9.2;
				MTL_ENABLE_DEBUG_INFO = YES;
				ONLY_ACTIVE_ARCH = YES;
				SDKROOT = iphoneos;
			};
			name = Debug;
		};
		8468C1101C98627B00E69648 /* Release */ = {
			isa = XCBuildConfiguration;
			buildSettings = {
				ALWAYS_SEARCH_USER_PATHS = NO;
				CLANG_CXX_LANGUAGE_STANDARD = "gnu++0x";
				CLANG_CXX_LIBRARY = "libc++";
				CLANG_ENABLE_MODULES = YES;
				CLANG_ENABLE_OBJC_ARC = YES;
				CLANG_WARN_BOOL_CONVERSION = YES;
				CLANG_WARN_CONSTANT_CONVERSION = YES;
				CLANG_WARN_DIRECT_OBJC_ISA_USAGE = YES_ERROR;
				CLANG_WARN_EMPTY_BODY = YES;
				CLANG_WARN_ENUM_CONVERSION = YES;
				CLANG_WARN_INT_CONVERSION = YES;
				CLANG_WARN_OBJC_ROOT_CLASS = YES_ERROR;
				CLANG_WARN_UNREACHABLE_CODE = YES;
				CLANG_WARN__DUPLICATE_METHOD_MATCH = YES;
				"CODE_SIGN_IDENTITY[sdk=iphoneos*]" = "iPhone Developer";
				COPY_PHASE_STRIP = NO;
				DEBUG_INFORMATION_FORMAT = "dwarf-with-dsym";
				ENABLE_NS_ASSERTIONS = NO;
				ENABLE_STRICT_OBJC_MSGSEND = YES;
				GCC_C_LANGUAGE_STANDARD = gnu99;
				GCC_NO_COMMON_BLOCKS = YES;
				GCC_WARN_64_TO_32_BIT_CONVERSION = YES;
				GCC_WARN_ABOUT_RETURN_TYPE = YES_ERROR;
				GCC_WARN_UNDECLARED_SELECTOR = YES;
				GCC_WARN_UNINITIALIZED_AUTOS = YES_AGGRESSIVE;
				GCC_WARN_UNUSED_FUNCTION = YES;
				GCC_WARN_UNUSED_VARIABLE = YES;
				IPHONEOS_DEPLOYMENT_TARGET = 9.2;
				MTL_ENABLE_DEBUG_INFO = NO;
				SDKROOT = iphoneos;
				VALIDATE_PRODUCT = YES;
			};
			name = Release;
		};
		8468C1121C98627B00E69648 /* Debug */ = {
			isa = XCBuildConfiguration;
			buildSettings = {
				ASSETCATALOG_COMPILER_APPICON_NAME = AppIcon;
				CODE_SIGN_IDENTITY = "iPhone Developer";
				INFOPLIST_FILE = CookingDIY_IOS/Info.plist;
				IPHONEOS_DEPLOYMENT_TARGET = 8.0;
				LD_RUNPATH_SEARCH_PATHS = "$(inherited) @executable_path/Frameworks";
				PRODUCT_BUNDLE_IDENTIFIER = "com.cxyliuyu.CookingDIY-IOS";
				PRODUCT_NAME = "$(TARGET_NAME)";
			};
			name = Debug;
		};
		8468C1131C98627B00E69648 /* Release */ = {
			isa = XCBuildConfiguration;
			buildSettings = {
				ASSETCATALOG_COMPILER_APPICON_NAME = AppIcon;
				CODE_SIGN_IDENTITY = "iPhone Developer";
				INFOPLIST_FILE = CookingDIY_IOS/Info.plist;
				IPHONEOS_DEPLOYMENT_TARGET = 8.0;
				LD_RUNPATH_SEARCH_PATHS = "$(inherited) @executable_path/Frameworks";
				PRODUCT_BUNDLE_IDENTIFIER = "com.cxyliuyu.CookingDIY-IOS";
				PRODUCT_NAME = "$(TARGET_NAME)";
			};
			name = Release;
		};
		8468C1151C98627B00E69648 /* Debug */ = {
			isa = XCBuildConfiguration;
			buildSettings = {
				BUNDLE_LOADER = "$(TEST_HOST)";
				INFOPLIST_FILE = CookingDIY_IOSTests/Info.plist;
				LD_RUNPATH_SEARCH_PATHS = "$(inherited) @executable_path/Frameworks @loader_path/Frameworks";
				PRODUCT_BUNDLE_IDENTIFIER = "com.cxyliuyu.CookingDIY-IOSTests";
				PRODUCT_NAME = "$(TARGET_NAME)";
				TEST_HOST = "$(BUILT_PRODUCTS_DIR)/CookingDIY_IOS.app/CookingDIY_IOS";
			};
			name = Debug;
		};
		8468C1161C98627B00E69648 /* Release */ = {
			isa = XCBuildConfiguration;
			buildSettings = {
				BUNDLE_LOADER = "$(TEST_HOST)";
				INFOPLIST_FILE = CookingDIY_IOSTests/Info.plist;
				LD_RUNPATH_SEARCH_PATHS = "$(inherited) @executable_path/Frameworks @loader_path/Frameworks";
				PRODUCT_BUNDLE_IDENTIFIER = "com.cxyliuyu.CookingDIY-IOSTests";
				PRODUCT_NAME = "$(TARGET_NAME)";
				TEST_HOST = "$(BUILT_PRODUCTS_DIR)/CookingDIY_IOS.app/CookingDIY_IOS";
			};
			name = Release;
		};
		8468C1181C98627B00E69648 /* Debug */ = {
			isa = XCBuildConfiguration;
			buildSettings = {
				INFOPLIST_FILE = CookingDIY_IOSUITests/Info.plist;
				LD_RUNPATH_SEARCH_PATHS = "$(inherited) @executable_path/Frameworks @loader_path/Frameworks";
				PRODUCT_BUNDLE_IDENTIFIER = "com.cxyliuyu.CookingDIY-IOSUITests";
				PRODUCT_NAME = "$(TARGET_NAME)";
				TEST_TARGET_NAME = CookingDIY_IOS;
				USES_XCTRUNNER = YES;
			};
			name = Debug;
		};
		8468C1191C98627B00E69648 /* Release */ = {
			isa = XCBuildConfiguration;
			buildSettings = {
				INFOPLIST_FILE = CookingDIY_IOSUITests/Info.plist;
				LD_RUNPATH_SEARCH_PATHS = "$(inherited) @executable_path/Frameworks @loader_path/Frameworks";
				PRODUCT_BUNDLE_IDENTIFIER = "com.cxyliuyu.CookingDIY-IOSUITests";
				PRODUCT_NAME = "$(TARGET_NAME)";
				TEST_TARGET_NAME = CookingDIY_IOS;
				USES_XCTRUNNER = YES;
			};
			name = Release;
		};
/* End XCBuildConfiguration section */

/* Begin XCConfigurationList section */
		8468C0DF1C98627A00E69648 /* Build configuration list for PBXProject "CookingDIY_IOS" */ = {
			isa = XCConfigurationList;
			buildConfigurations = (
				8468C10F1C98627B00E69648 /* Debug */,
				8468C1101C98627B00E69648 /* Release */,
			);
			defaultConfigurationIsVisible = 0;
			defaultConfigurationName = Release;
		};
		8468C1111C98627B00E69648 /* Build configuration list for PBXNativeTarget "CookingDIY_IOS" */ = {
			isa = XCConfigurationList;
			buildConfigurations = (
				8468C1121C98627B00E69648 /* Debug */,
				8468C1131C98627B00E69648 /* Release */,
			);
			defaultConfigurationIsVisible = 0;
			defaultConfigurationName = Release;
		};
		8468C1141C98627B00E69648 /* Build configuration list for PBXNativeTarget "CookingDIY_IOSTests" */ = {
			isa = XCConfigurationList;
			buildConfigurations = (
				8468C1151C98627B00E69648 /* Debug */,
				8468C1161C98627B00E69648 /* Release */,
			);
			defaultConfigurationIsVisible = 0;
			defaultConfigurationName = Release;
		};
		8468C1171C98627B00E69648 /* Build configuration list for PBXNativeTarget "CookingDIY_IOSUITests" */ = {
			isa = XCConfigurationList;
			buildConfigurations = (
				8468C1181C98627B00E69648 /* Debug */,
				8468C1191C98627B00E69648 /* Release */,
			);
			defaultConfigurationIsVisible = 0;
			defaultConfigurationName = Release;
		};
/* End XCConfigurationList section */
	};
	rootObject = 8468C0DC1C98627A00E69648 /* Project object */;
}
